// !$*UTF8*$!
{
	archiveVersion = 1;
	classes = {
	};
	objectVersion = 51;
	objects = {

/* Begin PBXBuildFile section */
		001ECA6A2453B6F300727379 /* zLoginCard.m in Sources */ = {isa = PBXBuildFile; fileRef = 001ECA692453B6F300727379 /* zLoginCard.m */; };
		001ECA6E2453C43600727379 /* zZhuCeController.m in Sources */ = {isa = PBXBuildFile; fileRef = 001ECA6D2453C43600727379 /* zZhuCeController.m */; };
		001ECA712453C49500727379 /* zZhaoHuiController.m in Sources */ = {isa = PBXBuildFile; fileRef = 001ECA702453C49500727379 /* zZhaoHuiController.m */; };
		001ECA752453CCB700727379 /* zHud.m in Sources */ = {isa = PBXBuildFile; fileRef = 001ECA742453CCB700727379 /* zHud.m */; };
		001ECA782453DA3200727379 /* phoneNumCheck.m in Sources */ = {isa = PBXBuildFile; fileRef = 001ECA772453DA3200727379 /* phoneNumCheck.m */; };
		001ECA7B2454449000727379 /* zhuCeCard.m in Sources */ = {isa = PBXBuildFile; fileRef = 001ECA7A2454449000727379 /* zhuCeCard.m */; };
		00372AED2456842F00E51931 /* PPNetworkHelper.m in Sources */ = {isa = PBXBuildFile; fileRef = 00372AE92456842F00E51931 /* PPNetworkHelper.m */; settings = {COMPILER_FLAGS = "-fno-objc-arc"; }; };
		00372AEE2456842F00E51931 /* PPNetworkCache.m in Sources */ = {isa = PBXBuildFile; fileRef = 00372AEC2456842F00E51931 /* PPNetworkCache.m */; settings = {COMPILER_FLAGS = "-fno-objc-arc"; }; };
		00372B0B2456A54B00E51931 /* zInstructionsCard.m in Sources */ = {isa = PBXBuildFile; fileRef = 00372B052456A54B00E51931 /* zInstructionsCard.m */; };
		00372B0C2456A54B00E51931 /* zCategoryCard.m in Sources */ = {isa = PBXBuildFile; fileRef = 00372B072456A54B00E51931 /* zCategoryCard.m */; };
		00372B0D2456A54B00E51931 /* zUserInfoCard.m in Sources */ = {isa = PBXBuildFile; fileRef = 00372B092456A54B00E51931 /* zUserInfoCard.m */; };
		003A932D2450866D0001F615 /* LoginTextField.m in Sources */ = {isa = PBXBuildFile; fileRef = 003A932C2450866D0001F615 /* LoginTextField.m */; };
		003A9330245089540001F615 /* UITextField+maxLength.m in Sources */ = {isa = PBXBuildFile; fileRef = 003A932F245089540001F615 /* UITextField+maxLength.m */; };
		0087184B2459585C003F8CD3 /* QuestionFootView.m in Sources */ = {isa = PBXBuildFile; fileRef = 0087184A2459585C003F8CD3 /* QuestionFootView.m */; };
		00871851245960B2003F8CD3 /* NSDictionary+JSON.m in Sources */ = {isa = PBXBuildFile; fileRef = 0087184F245960B2003F8CD3 /* NSDictionary+JSON.m */; };
		00871852245960B2003F8CD3 /* NSArray+JSON.m in Sources */ = {isa = PBXBuildFile; fileRef = 00871850245960B2003F8CD3 /* NSArray+JSON.m */; };
		00926BB7245706E30052B827 /* UIButton+HQCustomIcon.m in Sources */ = {isa = PBXBuildFile; fileRef = 00926BB6245706E30052B827 /* UIButton+HQCustomIcon.m */; };
		009FB5E5244E89C700133974 /* ViewController.m in Sources */ = {isa = PBXBuildFile; fileRef = 009FB5E4244E89C700133974 /* ViewController.m */; };
		009FB5EA244E89CD00133974 /* Assets.xcassets in Resources */ = {isa = PBXBuildFile; fileRef = 009FB5E9244E89CD00133974 /* Assets.xcassets */; };
		009FB5F0244E89CD00133974 /* main.m in Sources */ = {isa = PBXBuildFile; fileRef = 009FB5EF244E89CD00133974 /* main.m */; };
		009FB5FA244E89CE00133974 /* ZhuangBeiTests.m in Sources */ = {isa = PBXBuildFile; fileRef = 009FB5F9244E89CE00133974 /* ZhuangBeiTests.m */; };
		009FB605244E89CE00133974 /* ZhuangBeiUITests.m in Sources */ = {isa = PBXBuildFile; fileRef = 009FB604244E89CE00133974 /* ZhuangBeiUITests.m */; };
		009FB619244FE8C200133974 /* SceneDelegate.m in Sources */ = {isa = PBXBuildFile; fileRef = 009FB615244FE8C200133974 /* SceneDelegate.m */; };
		009FB61A244FE8C200133974 /* AppDelegate.m in Sources */ = {isa = PBXBuildFile; fileRef = 009FB616244FE8C200133974 /* AppDelegate.m */; };
		009FB634244FE8DF00133974 /* MainNavController.m in Sources */ = {isa = PBXBuildFile; fileRef = 009FB61C244FE8DE00133974 /* MainNavController.m */; };
		009FB635244FE8DF00133974 /* MainTabBarController.m in Sources */ = {isa = PBXBuildFile; fileRef = 009FB61D244FE8DE00133974 /* MainTabBarController.m */; };
		009FB636244FE8DF00133974 /* FUTabBar.m in Sources */ = {isa = PBXBuildFile; fileRef = 009FB621244FE8DE00133974 /* FUTabBar.m */; };
		009FB637244FE8DF00133974 /* UIImage+Extension.m in Sources */ = {isa = PBXBuildFile; fileRef = 009FB622244FE8DE00133974 /* UIImage+Extension.m */; };
		009FB638244FE8DF00133974 /* FUBadgeButton.m in Sources */ = {isa = PBXBuildFile; fileRef = 009FB623244FE8DE00133974 /* FUBadgeButton.m */; };
		009FB639244FE8DF00133974 /* UIView+TouchAreaInsets.m in Sources */ = {isa = PBXBuildFile; fileRef = 009FB624244FE8DE00133974 /* UIView+TouchAreaInsets.m */; };
		009FB63A244FE8DF00133974 /* UIView+FU_Animation.m in Sources */ = {isa = PBXBuildFile; fileRef = 009FB626244FE8DE00133974 /* UIView+FU_Animation.m */; };
		009FB63B244FE8DF00133974 /* FUTabBarButton.m in Sources */ = {isa = PBXBuildFile; fileRef = 009FB628244FE8DE00133974 /* FUTabBarButton.m */; };
		009FB63C244FE8DF00133974 /* UITabBarItem+Extension.m in Sources */ = {isa = PBXBuildFile; fileRef = 009FB629244FE8DE00133974 /* UITabBarItem+Extension.m */; };
		009FB63D244FE8DF00133974 /* FUTabBarController.m in Sources */ = {isa = PBXBuildFile; fileRef = 009FB62B244FE8DE00133974 /* FUTabBarController.m */; };
		009FB63E244FE8DF00133974 /* NSString+size.m in Sources */ = {isa = PBXBuildFile; fileRef = 009FB630244FE8DE00133974 /* NSString+size.m */; };
		009FB657244FECC500133974 /* baseViewController.m in Sources */ = {isa = PBXBuildFile; fileRef = 009FB656244FECC500133974 /* baseViewController.m */; };
		009FB65B244FF3A100133974 /* zDengluRequst.m in Sources */ = {isa = PBXBuildFile; fileRef = 009FB65A244FF3A100133974 /* zDengluRequst.m */; };
		009FB666244FF64D00133974 /* zInterfacedConst.m in Sources */ = {isa = PBXBuildFile; fileRef = 009FB665244FF64D00133974 /* zInterfacedConst.m */; };
		009FB669245007ED00133974 /* zDengluController.m in Sources */ = {isa = PBXBuildFile; fileRef = 009FB668245007ED00133974 /* zDengluController.m */; };
		009FB66C2450091D00133974 /* zHyController.m in Sources */ = {isa = PBXBuildFile; fileRef = 009FB66B2450091D00133974 /* zHyController.m */; };
		009FB66F2450093A00133974 /* zJiaoliuController.m in Sources */ = {isa = PBXBuildFile; fileRef = 009FB66E2450093A00133974 /* zJiaoliuController.m */; };
		009FB6722450094C00133974 /* zShouyeController.m in Sources */ = {isa = PBXBuildFile; fileRef = 009FB6712450094C00133974 /* zShouyeController.m */; };
		009FB6752450095C00133974 /* zWodeController.m in Sources */ = {isa = PBXBuildFile; fileRef = 009FB6742450095C00133974 /* zWodeController.m */; };
		009FB67F24500D7800133974 /* NSDictionary+NSNull.m in Sources */ = {isa = PBXBuildFile; fileRef = 009FB67724500D7700133974 /* NSDictionary+NSNull.m */; };
		009FB68024500D7800133974 /* UIView+Frame.m in Sources */ = {isa = PBXBuildFile; fileRef = 009FB67924500D7700133974 /* UIView+Frame.m */; };
		009FB68124500D7800133974 /* MainSingleton.m in Sources */ = {isa = PBXBuildFile; fileRef = 009FB67B24500D7700133974 /* MainSingleton.m */; };
		009FB68224500D7800133974 /* NSString+Size.m in Sources */ = {isa = PBXBuildFile; fileRef = 009FB67E24500D7800133974 /* NSString+Size.m */; };
		009FB6882450425900133974 /* zNoContentView.m in Sources */ = {isa = PBXBuildFile; fileRef = 009FB6872450425900133974 /* zNoContentView.m */; };
		009FB68B2450428000133974 /* zNothingView.m in Sources */ = {isa = PBXBuildFile; fileRef = 009FB68A2450428000133974 /* zNothingView.m */; };
		00B26CF024580A390099FFD5 /* zUserInfo.m in Sources */ = {isa = PBXBuildFile; fileRef = 00B26CEF24580A390099FFD5 /* zUserInfo.m */; };
		00CA47672455B91E006A2885 /* zQuestionController.m in Sources */ = {isa = PBXBuildFile; fileRef = 00CA47662455B91E006A2885 /* zQuestionController.m */; };
		00CA47702455B9DD006A2885 /* QuestionModel.m in Sources */ = {isa = PBXBuildFile; fileRef = 00CA476E2455B9DD006A2885 /* QuestionModel.m */; };
		00CA47712455B9DD006A2885 /* AnswerModel.m in Sources */ = {isa = PBXBuildFile; fileRef = 00CA476F2455B9DD006A2885 /* AnswerModel.m */; };
		00CA47792455BAEB006A2885 /* AnswerCell.m in Sources */ = {isa = PBXBuildFile; fileRef = 00CA47752455BAEB006A2885 /* AnswerCell.m */; };
		00CA477A2455BAEB006A2885 /* QuestionHeaderView.m in Sources */ = {isa = PBXBuildFile; fileRef = 00CA47772455BAEB006A2885 /* QuestionHeaderView.m */; };
		00CA47802455C839006A2885 /* QuestionTableViewCell.m in Sources */ = {isa = PBXBuildFile; fileRef = 00CA477E2455C839006A2885 /* QuestionTableViewCell.m */; };
		00D6E2DD2459A6D200B6E327 /* zNetWorkManger.m in Sources */ = {isa = PBXBuildFile; fileRef = 00D6E2DC2459A6D200B6E327 /* zNetWorkManger.m */; };
		6BE41E3FCD0C213AB1550073 /* libPods-ZhuangBei.a in Frameworks */ = {isa = PBXBuildFile; fileRef = B7977AA9958E9CD57558960F /* libPods-ZhuangBei.a */; };
		8921697524566BAA007C6615 /* LWHuoYuanListCollectionViewCell.m in Sources */ = {isa = PBXBuildFile; fileRef = 8921697124566BAA007C6615 /* LWHuoYuanListCollectionViewCell.m */; };
		8921697624566BAA007C6615 /* LWHuoYuanItemListCollectionViewCell.m in Sources */ = {isa = PBXBuildFile; fileRef = 8921697224566BAA007C6615 /* LWHuoYuanItemListCollectionViewCell.m */; };
		8921697B245670AE007C6615 /* LWSwitchBarView.m in Sources */ = {isa = PBXBuildFile; fileRef = 8921697A245670AE007C6615 /* LWSwitchBarView.m */; };
		8921697E24567278007C6615 /* UIImage+Extension.m in Sources */ = {isa = PBXBuildFile; fileRef = 8921697D24567278007C6615 /* UIImage+Extension.m */; };
		89216982245686E2007C6615 /* LWJiaoLiuGroupCollectionView.m in Sources */ = {isa = PBXBuildFile; fileRef = 89216981245686E2007C6615 /* LWJiaoLiuGroupCollectionView.m */; };
		89216985245687C6007C6615 /* LWJiaoLiuMessageTableViewCell.m in Sources */ = {isa = PBXBuildFile; fileRef = 89216984245687C6007C6615 /* LWJiaoLiuMessageTableViewCell.m */; };
		8921698824569B25007C6615 /* LWJiaoLiuGroupCollectionReusableView.m in Sources */ = {isa = PBXBuildFile; fileRef = 8921698724569B25007C6615 /* LWJiaoLiuGroupCollectionReusableView.m */; };
		8921698B2456B06D007C6615 /* LWJiaoLiuContatcsListTableViewCell.m in Sources */ = {isa = PBXBuildFile; fileRef = 8921698A2456B06D007C6615 /* LWJiaoLiuContatcsListTableViewCell.m */; };
		893A18EE2459182800D8C36C /* LWHuoYuanThreeLevelViewController.m in Sources */ = {isa = PBXBuildFile; fileRef = 893A18ED2459182800D8C36C /* LWHuoYuanThreeLevelViewController.m */; };
		893A18F1245919C800D8C36C /* LWHuoYuanThreeLevelListTableViewCell.m in Sources */ = {isa = PBXBuildFile; fileRef = 893A18F0245919C800D8C36C /* LWHuoYuanThreeLevelListTableViewCell.m */; };
		893A18F424592D1E00D8C36C /* LWGongYingShangListViewController.m in Sources */ = {isa = PBXBuildFile; fileRef = 893A18F324592D1E00D8C36C /* LWGongYingShangListViewController.m */; };
		893A18F724592D3E00D8C36C /* LWGongYingShangListTableViewCell.m in Sources */ = {isa = PBXBuildFile; fileRef = 893A18F624592D3E00D8C36C /* LWGongYingShangListTableViewCell.m */; };
		89487BEB24544E4B00D4FA67 /* Foundation+Log.m in Sources */ = {isa = PBXBuildFile; fileRef = 89487BEA24544E4B00D4FA67 /* Foundation+Log.m */; };
		894E4112245A7A810028D2B4 /* UIButton+typeLayout.m in Sources */ = {isa = PBXBuildFile; fileRef = 894E4111245A7A810028D2B4 /* UIButton+typeLayout.m */; };
		894E4115245A96430028D2B4 /* LWLabel.m in Sources */ = {isa = PBXBuildFile; fileRef = 894E4114245A96430028D2B4 /* LWLabel.m */; };
		894E4118245A97A20028D2B4 /* LWButton.m in Sources */ = {isa = PBXBuildFile; fileRef = 894E4117245A97A20028D2B4 /* LWButton.m */; };
		8957D4A124594C230096F1D7 /* LWHuoYuanBaseViewController.m in Sources */ = {isa = PBXBuildFile; fileRef = 8957D4A024594C230096F1D7 /* LWHuoYuanBaseViewController.m */; };
		8957D4A4245955250096F1D7 /* LWSearchViewController.m in Sources */ = {isa = PBXBuildFile; fileRef = 8957D4A3245955250096F1D7 /* LWSearchViewController.m */; };
		8957D4A7245955F50096F1D7 /* LWSeachView.m in Sources */ = {isa = PBXBuildFile; fileRef = 8957D4A6245955F50096F1D7 /* LWSeachView.m */; };
		8957D4AA245975370096F1D7 /* LWHuoYuanDeatilViewController.m in Sources */ = {isa = PBXBuildFile; fileRef = 8957D4A9245975370096F1D7 /* LWHuoYuanDeatilViewController.m */; };
		8957D4AD245975E10096F1D7 /* LWHuoYuanDeatilView.m in Sources */ = {isa = PBXBuildFile; fileRef = 8957D4AC245975E00096F1D7 /* LWHuoYuanDeatilView.m */; };
		89A9382B24542B38001C77A8 /* LaunchScreen.storyboard in Resources */ = {isa = PBXBuildFile; fileRef = 89A9382A24542B38001C77A8 /* LaunchScreen.storyboard */; };
		89F5B7DC2455955E0040F7B1 /* UIViewAdditions.m in Sources */ = {isa = PBXBuildFile; fileRef = 89F5B7DB2455955E0040F7B1 /* UIViewAdditions.m */; };
		89F5B7DF245596DD0040F7B1 /* UIView+Extension.m in Sources */ = {isa = PBXBuildFile; fileRef = 89F5B7DE245596DD0040F7B1 /* UIView+Extension.m */; };
		89F5B7E2245599530040F7B1 /* LWHuoYuanItemsListViewController.m in Sources */ = {isa = PBXBuildFile; fileRef = 89F5B7E1245599530040F7B1 /* LWHuoYuanItemsListViewController.m */; };
/* End PBXBuildFile section */

/* Begin PBXContainerItemProxy section */
		009FB5F6244E89CE00133974 /* PBXContainerItemProxy */ = {
			isa = PBXContainerItemProxy;
			containerPortal = 009FB5D2244E89C700133974 /* Project object */;
			proxyType = 1;
			remoteGlobalIDString = 009FB5D9244E89C700133974;
			remoteInfo = ZhuangBei;
		};
		009FB601244E89CE00133974 /* PBXContainerItemProxy */ = {
			isa = PBXContainerItemProxy;
			containerPortal = 009FB5D2244E89C700133974 /* Project object */;
			proxyType = 1;
			remoteGlobalIDString = 009FB5D9244E89C700133974;
			remoteInfo = ZhuangBei;
		};
/* End PBXContainerItemProxy section */

/* Begin PBXFileReference section */
		001ECA682453B6F300727379 /* zLoginCard.h */ = {isa = PBXFileReference; fileEncoding = 4; lastKnownFileType = sourcecode.c.h; path = zLoginCard.h; sourceTree = "<group>"; };
		001ECA692453B6F300727379 /* zLoginCard.m */ = {isa = PBXFileReference; fileEncoding = 4; lastKnownFileType = sourcecode.c.objc; path = zLoginCard.m; sourceTree = "<group>"; };
		001ECA6C2453C43600727379 /* zZhuCeController.h */ = {isa = PBXFileReference; lastKnownFileType = sourcecode.c.h; path = zZhuCeController.h; sourceTree = "<group>"; };
		001ECA6D2453C43600727379 /* zZhuCeController.m */ = {isa = PBXFileReference; lastKnownFileType = sourcecode.c.objc; path = zZhuCeController.m; sourceTree = "<group>"; };
		001ECA6F2453C49500727379 /* zZhaoHuiController.h */ = {isa = PBXFileReference; lastKnownFileType = sourcecode.c.h; path = zZhaoHuiController.h; sourceTree = "<group>"; };
		001ECA702453C49500727379 /* zZhaoHuiController.m */ = {isa = PBXFileReference; lastKnownFileType = sourcecode.c.objc; path = zZhaoHuiController.m; sourceTree = "<group>"; };
		001ECA732453CCB700727379 /* zHud.h */ = {isa = PBXFileReference; lastKnownFileType = sourcecode.c.h; path = zHud.h; sourceTree = "<group>"; };
		001ECA742453CCB700727379 /* zHud.m */ = {isa = PBXFileReference; lastKnownFileType = sourcecode.c.objc; path = zHud.m; sourceTree = "<group>"; };
		001ECA762453DA3200727379 /* phoneNumCheck.h */ = {isa = PBXFileReference; lastKnownFileType = sourcecode.c.h; path = phoneNumCheck.h; sourceTree = "<group>"; };
		001ECA772453DA3200727379 /* phoneNumCheck.m */ = {isa = PBXFileReference; lastKnownFileType = sourcecode.c.objc; path = phoneNumCheck.m; sourceTree = "<group>"; };
		001ECA792454449000727379 /* zhuCeCard.h */ = {isa = PBXFileReference; lastKnownFileType = sourcecode.c.h; path = zhuCeCard.h; sourceTree = "<group>"; };
		001ECA7A2454449000727379 /* zhuCeCard.m */ = {isa = PBXFileReference; lastKnownFileType = sourcecode.c.objc; path = zhuCeCard.m; sourceTree = "<group>"; };
		00372AE92456842F00E51931 /* PPNetworkHelper.m */ = {isa = PBXFileReference; fileEncoding = 4; lastKnownFileType = sourcecode.c.objc; path = PPNetworkHelper.m; sourceTree = "<group>"; };
		00372AEA2456842F00E51931 /* PPNetworkCache.h */ = {isa = PBXFileReference; fileEncoding = 4; lastKnownFileType = sourcecode.c.h; path = PPNetworkCache.h; sourceTree = "<group>"; };
		00372AEB2456842F00E51931 /* PPNetworkHelper.h */ = {isa = PBXFileReference; fileEncoding = 4; lastKnownFileType = sourcecode.c.h; path = PPNetworkHelper.h; sourceTree = "<group>"; };
		00372AEC2456842F00E51931 /* PPNetworkCache.m */ = {isa = PBXFileReference; fileEncoding = 4; lastKnownFileType = sourcecode.c.objc; path = PPNetworkCache.m; sourceTree = "<group>"; };
		00372AEF2456856100E51931 /* libsqlite3.tbd */ = {isa = PBXFileReference; lastKnownFileType = "sourcecode.text-based-dylib-definition"; name = libsqlite3.tbd; path = usr/lib/libsqlite3.tbd; sourceTree = SDKROOT; };
		00372AF02456857500E51931 /* libsqlite3.0.tbd */ = {isa = PBXFileReference; lastKnownFileType = "sourcecode.text-based-dylib-definition"; name = libsqlite3.0.tbd; path = usr/lib/libsqlite3.0.tbd; sourceTree = SDKROOT; };
		00372B052456A54B00E51931 /* zInstructionsCard.m */ = {isa = PBXFileReference; fileEncoding = 4; lastKnownFileType = sourcecode.c.objc; path = zInstructionsCard.m; sourceTree = "<group>"; };
		00372B062456A54B00E51931 /* zUserInfoCard.h */ = {isa = PBXFileReference; fileEncoding = 4; lastKnownFileType = sourcecode.c.h; path = zUserInfoCard.h; sourceTree = "<group>"; };
		00372B072456A54B00E51931 /* zCategoryCard.m */ = {isa = PBXFileReference; fileEncoding = 4; lastKnownFileType = sourcecode.c.objc; path = zCategoryCard.m; sourceTree = "<group>"; };
		00372B082456A54B00E51931 /* zInstructionsCard.h */ = {isa = PBXFileReference; fileEncoding = 4; lastKnownFileType = sourcecode.c.h; path = zInstructionsCard.h; sourceTree = "<group>"; };
		00372B092456A54B00E51931 /* zUserInfoCard.m */ = {isa = PBXFileReference; fileEncoding = 4; lastKnownFileType = sourcecode.c.objc; path = zUserInfoCard.m; sourceTree = "<group>"; };
		00372B0A2456A54B00E51931 /* zCategoryCard.h */ = {isa = PBXFileReference; fileEncoding = 4; lastKnownFileType = sourcecode.c.h; path = zCategoryCard.h; sourceTree = "<group>"; };
		003A932B2450866D0001F615 /* LoginTextField.h */ = {isa = PBXFileReference; lastKnownFileType = sourcecode.c.h; path = LoginTextField.h; sourceTree = "<group>"; };
		003A932C2450866D0001F615 /* LoginTextField.m */ = {isa = PBXFileReference; lastKnownFileType = sourcecode.c.objc; path = LoginTextField.m; sourceTree = "<group>"; };
		003A932E245089540001F615 /* UITextField+maxLength.h */ = {isa = PBXFileReference; lastKnownFileType = sourcecode.c.h; path = "UITextField+maxLength.h"; sourceTree = "<group>"; };
		003A932F245089540001F615 /* UITextField+maxLength.m */ = {isa = PBXFileReference; lastKnownFileType = sourcecode.c.objc; path = "UITextField+maxLength.m"; sourceTree = "<group>"; };
		008718492459585C003F8CD3 /* QuestionFootView.h */ = {isa = PBXFileReference; lastKnownFileType = sourcecode.c.h; path = QuestionFootView.h; sourceTree = "<group>"; };
		0087184A2459585C003F8CD3 /* QuestionFootView.m */ = {isa = PBXFileReference; lastKnownFileType = sourcecode.c.objc; path = QuestionFootView.m; sourceTree = "<group>"; };
		0087184D245960B2003F8CD3 /* NSDictionary+JSON.h */ = {isa = PBXFileReference; fileEncoding = 4; lastKnownFileType = sourcecode.c.h; path = "NSDictionary+JSON.h"; sourceTree = "<group>"; };
		0087184E245960B2003F8CD3 /* NSArray+JSON.h */ = {isa = PBXFileReference; fileEncoding = 4; lastKnownFileType = sourcecode.c.h; path = "NSArray+JSON.h"; sourceTree = "<group>"; };
		0087184F245960B2003F8CD3 /* NSDictionary+JSON.m */ = {isa = PBXFileReference; fileEncoding = 4; lastKnownFileType = sourcecode.c.objc; path = "NSDictionary+JSON.m"; sourceTree = "<group>"; };
		00871850245960B2003F8CD3 /* NSArray+JSON.m */ = {isa = PBXFileReference; fileEncoding = 4; lastKnownFileType = sourcecode.c.objc; path = "NSArray+JSON.m"; sourceTree = "<group>"; };
		00926BB5245706E30052B827 /* UIButton+HQCustomIcon.h */ = {isa = PBXFileReference; fileEncoding = 4; lastKnownFileType = sourcecode.c.h; path = "UIButton+HQCustomIcon.h"; sourceTree = "<group>"; };
		00926BB6245706E30052B827 /* UIButton+HQCustomIcon.m */ = {isa = PBXFileReference; fileEncoding = 4; lastKnownFileType = sourcecode.c.objc; path = "UIButton+HQCustomIcon.m"; sourceTree = "<group>"; };
		009FB5DA244E89C700133974 /* ZhuangBei.app */ = {isa = PBXFileReference; explicitFileType = wrapper.application; includeInIndex = 0; path = ZhuangBei.app; sourceTree = BUILT_PRODUCTS_DIR; };
		009FB5E3244E89C700133974 /* ViewController.h */ = {isa = PBXFileReference; lastKnownFileType = sourcecode.c.h; path = ViewController.h; sourceTree = "<group>"; };
		009FB5E4244E89C700133974 /* ViewController.m */ = {isa = PBXFileReference; lastKnownFileType = sourcecode.c.objc; path = ViewController.m; sourceTree = "<group>"; };
		009FB5E9244E89CD00133974 /* Assets.xcassets */ = {isa = PBXFileReference; lastKnownFileType = folder.assetcatalog; path = Assets.xcassets; sourceTree = "<group>"; };
		009FB5EE244E89CD00133974 /* Info.plist */ = {isa = PBXFileReference; lastKnownFileType = text.plist.xml; path = Info.plist; sourceTree = "<group>"; };
		009FB5EF244E89CD00133974 /* main.m */ = {isa = PBXFileReference; lastKnownFileType = sourcecode.c.objc; path = main.m; sourceTree = "<group>"; };
		009FB5F5244E89CE00133974 /* ZhuangBeiTests.xctest */ = {isa = PBXFileReference; explicitFileType = wrapper.cfbundle; includeInIndex = 0; path = ZhuangBeiTests.xctest; sourceTree = BUILT_PRODUCTS_DIR; };
		009FB5F9244E89CE00133974 /* ZhuangBeiTests.m */ = {isa = PBXFileReference; lastKnownFileType = sourcecode.c.objc; path = ZhuangBeiTests.m; sourceTree = "<group>"; };
		009FB5FB244E89CE00133974 /* Info.plist */ = {isa = PBXFileReference; lastKnownFileType = text.plist.xml; path = Info.plist; sourceTree = "<group>"; };
		009FB600244E89CE00133974 /* ZhuangBeiUITests.xctest */ = {isa = PBXFileReference; explicitFileType = wrapper.cfbundle; includeInIndex = 0; path = ZhuangBeiUITests.xctest; sourceTree = BUILT_PRODUCTS_DIR; };
		009FB604244E89CE00133974 /* ZhuangBeiUITests.m */ = {isa = PBXFileReference; lastKnownFileType = sourcecode.c.objc; path = ZhuangBeiUITests.m; sourceTree = "<group>"; };
		009FB606244E89CE00133974 /* Info.plist */ = {isa = PBXFileReference; lastKnownFileType = text.plist.xml; path = Info.plist; sourceTree = "<group>"; };
		009FB614244FE8C200133974 /* AppDelegate.h */ = {isa = PBXFileReference; fileEncoding = 4; lastKnownFileType = sourcecode.c.h; path = AppDelegate.h; sourceTree = "<group>"; };
		009FB615244FE8C200133974 /* SceneDelegate.m */ = {isa = PBXFileReference; fileEncoding = 4; lastKnownFileType = sourcecode.c.objc; path = SceneDelegate.m; sourceTree = "<group>"; };
		009FB616244FE8C200133974 /* AppDelegate.m */ = {isa = PBXFileReference; fileEncoding = 4; lastKnownFileType = sourcecode.c.objc; path = AppDelegate.m; sourceTree = "<group>"; };
		009FB617244FE8C200133974 /* PrefixHeader.pch */ = {isa = PBXFileReference; fileEncoding = 4; lastKnownFileType = sourcecode.c.h; path = PrefixHeader.pch; sourceTree = "<group>"; };
		009FB618244FE8C200133974 /* SceneDelegate.h */ = {isa = PBXFileReference; fileEncoding = 4; lastKnownFileType = sourcecode.c.h; path = SceneDelegate.h; sourceTree = "<group>"; };
		009FB61C244FE8DE00133974 /* MainNavController.m */ = {isa = PBXFileReference; fileEncoding = 4; lastKnownFileType = sourcecode.c.objc; path = MainNavController.m; sourceTree = "<group>"; };
		009FB61D244FE8DE00133974 /* MainTabBarController.m */ = {isa = PBXFileReference; fileEncoding = 4; lastKnownFileType = sourcecode.c.objc; path = MainTabBarController.m; sourceTree = "<group>"; };
		009FB61E244FE8DE00133974 /* MainNavController.h */ = {isa = PBXFileReference; fileEncoding = 4; lastKnownFileType = sourcecode.c.h; path = MainNavController.h; sourceTree = "<group>"; };
		009FB620244FE8DE00133974 /* FUTabBarController.h */ = {isa = PBXFileReference; fileEncoding = 4; lastKnownFileType = sourcecode.c.h; path = FUTabBarController.h; sourceTree = "<group>"; };
		009FB621244FE8DE00133974 /* FUTabBar.m */ = {isa = PBXFileReference; fileEncoding = 4; lastKnownFileType = sourcecode.c.objc; path = FUTabBar.m; sourceTree = "<group>"; };
		009FB622244FE8DE00133974 /* UIImage+Extension.m */ = {isa = PBXFileReference; fileEncoding = 4; lastKnownFileType = sourcecode.c.objc; path = "UIImage+Extension.m"; sourceTree = "<group>"; };
		009FB623244FE8DE00133974 /* FUBadgeButton.m */ = {isa = PBXFileReference; fileEncoding = 4; lastKnownFileType = sourcecode.c.objc; path = FUBadgeButton.m; sourceTree = "<group>"; };
		009FB624244FE8DE00133974 /* UIView+TouchAreaInsets.m */ = {isa = PBXFileReference; fileEncoding = 4; lastKnownFileType = sourcecode.c.objc; path = "UIView+TouchAreaInsets.m"; sourceTree = "<group>"; };
		009FB625244FE8DE00133974 /* FUTabBarHeader.h */ = {isa = PBXFileReference; fileEncoding = 4; lastKnownFileType = sourcecode.c.h; path = FUTabBarHeader.h; sourceTree = "<group>"; };
		009FB626244FE8DE00133974 /* UIView+FU_Animation.m */ = {isa = PBXFileReference; fileEncoding = 4; lastKnownFileType = sourcecode.c.objc; path = "UIView+FU_Animation.m"; sourceTree = "<group>"; };
		009FB627244FE8DE00133974 /* NSString+size.h */ = {isa = PBXFileReference; fileEncoding = 4; lastKnownFileType = sourcecode.c.h; path = "NSString+size.h"; sourceTree = "<group>"; };
		009FB628244FE8DE00133974 /* FUTabBarButton.m */ = {isa = PBXFileReference; fileEncoding = 4; lastKnownFileType = sourcecode.c.objc; path = FUTabBarButton.m; sourceTree = "<group>"; };
		009FB629244FE8DE00133974 /* UITabBarItem+Extension.m */ = {isa = PBXFileReference; fileEncoding = 4; lastKnownFileType = sourcecode.c.objc; path = "UITabBarItem+Extension.m"; sourceTree = "<group>"; };
		009FB62A244FE8DE00133974 /* FUTabBar.h */ = {isa = PBXFileReference; fileEncoding = 4; lastKnownFileType = sourcecode.c.h; path = FUTabBar.h; sourceTree = "<group>"; };
		009FB62B244FE8DE00133974 /* FUTabBarController.m */ = {isa = PBXFileReference; fileEncoding = 4; lastKnownFileType = sourcecode.c.objc; path = FUTabBarController.m; sourceTree = "<group>"; };
		009FB62C244FE8DE00133974 /* FUBadgeButton.h */ = {isa = PBXFileReference; fileEncoding = 4; lastKnownFileType = sourcecode.c.h; path = FUBadgeButton.h; sourceTree = "<group>"; };
		009FB62D244FE8DE00133974 /* UIImage+Extension.h */ = {isa = PBXFileReference; fileEncoding = 4; lastKnownFileType = sourcecode.c.h; path = "UIImage+Extension.h"; sourceTree = "<group>"; };
		009FB62E244FE8DE00133974 /* UITabBarItem+Extension.h */ = {isa = PBXFileReference; fileEncoding = 4; lastKnownFileType = sourcecode.c.h; path = "UITabBarItem+Extension.h"; sourceTree = "<group>"; };
		009FB62F244FE8DE00133974 /* FUTabBarButton.h */ = {isa = PBXFileReference; fileEncoding = 4; lastKnownFileType = sourcecode.c.h; path = FUTabBarButton.h; sourceTree = "<group>"; };
		009FB630244FE8DE00133974 /* NSString+size.m */ = {isa = PBXFileReference; fileEncoding = 4; lastKnownFileType = sourcecode.c.objc; path = "NSString+size.m"; sourceTree = "<group>"; };
		009FB631244FE8DE00133974 /* UIView+FU_Animation.h */ = {isa = PBXFileReference; fileEncoding = 4; lastKnownFileType = sourcecode.c.h; path = "UIView+FU_Animation.h"; sourceTree = "<group>"; };
		009FB632244FE8DE00133974 /* UIView+TouchAreaInsets.h */ = {isa = PBXFileReference; fileEncoding = 4; lastKnownFileType = sourcecode.c.h; path = "UIView+TouchAreaInsets.h"; sourceTree = "<group>"; };
		009FB633244FE8DE00133974 /* MainTabBarController.h */ = {isa = PBXFileReference; fileEncoding = 4; lastKnownFileType = sourcecode.c.h; path = MainTabBarController.h; sourceTree = "<group>"; };
		009FB655244FECC500133974 /* baseViewController.h */ = {isa = PBXFileReference; lastKnownFileType = sourcecode.c.h; path = baseViewController.h; sourceTree = "<group>"; };
		009FB656244FECC500133974 /* baseViewController.m */ = {isa = PBXFileReference; lastKnownFileType = sourcecode.c.objc; path = baseViewController.m; sourceTree = "<group>"; };
		009FB659244FF3A100133974 /* zDengluRequst.h */ = {isa = PBXFileReference; lastKnownFileType = sourcecode.c.h; path = zDengluRequst.h; sourceTree = "<group>"; };
		009FB65A244FF3A100133974 /* zDengluRequst.m */ = {isa = PBXFileReference; lastKnownFileType = sourcecode.c.objc; path = zDengluRequst.m; sourceTree = "<group>"; };
		009FB664244FF64D00133974 /* zInterfacedConst.h */ = {isa = PBXFileReference; lastKnownFileType = sourcecode.c.h; path = zInterfacedConst.h; sourceTree = "<group>"; };
		009FB665244FF64D00133974 /* zInterfacedConst.m */ = {isa = PBXFileReference; lastKnownFileType = sourcecode.c.objc; path = zInterfacedConst.m; sourceTree = "<group>"; };
		009FB667245007ED00133974 /* zDengluController.h */ = {isa = PBXFileReference; lastKnownFileType = sourcecode.c.h; path = zDengluController.h; sourceTree = "<group>"; };
		009FB668245007ED00133974 /* zDengluController.m */ = {isa = PBXFileReference; lastKnownFileType = sourcecode.c.objc; path = zDengluController.m; sourceTree = "<group>"; };
		009FB66A2450091D00133974 /* zHyController.h */ = {isa = PBXFileReference; lastKnownFileType = sourcecode.c.h; path = zHyController.h; sourceTree = "<group>"; };
		009FB66B2450091D00133974 /* zHyController.m */ = {isa = PBXFileReference; lastKnownFileType = sourcecode.c.objc; path = zHyController.m; sourceTree = "<group>"; };
		009FB66D2450093A00133974 /* zJiaoliuController.h */ = {isa = PBXFileReference; lastKnownFileType = sourcecode.c.h; path = zJiaoliuController.h; sourceTree = "<group>"; };
		009FB66E2450093A00133974 /* zJiaoliuController.m */ = {isa = PBXFileReference; lastKnownFileType = sourcecode.c.objc; path = zJiaoliuController.m; sourceTree = "<group>"; };
		009FB6702450094C00133974 /* zShouyeController.h */ = {isa = PBXFileReference; lastKnownFileType = sourcecode.c.h; path = zShouyeController.h; sourceTree = "<group>"; };
		009FB6712450094C00133974 /* zShouyeController.m */ = {isa = PBXFileReference; lastKnownFileType = sourcecode.c.objc; path = zShouyeController.m; sourceTree = "<group>"; };
		009FB6732450095C00133974 /* zWodeController.h */ = {isa = PBXFileReference; lastKnownFileType = sourcecode.c.h; path = zWodeController.h; sourceTree = "<group>"; };
		009FB6742450095C00133974 /* zWodeController.m */ = {isa = PBXFileReference; lastKnownFileType = sourcecode.c.objc; path = zWodeController.m; sourceTree = "<group>"; };
		009FB67724500D7700133974 /* NSDictionary+NSNull.m */ = {isa = PBXFileReference; fileEncoding = 4; lastKnownFileType = sourcecode.c.objc; path = "NSDictionary+NSNull.m"; sourceTree = "<group>"; };
		009FB67824500D7700133974 /* NSDictionary+NSNull.h */ = {isa = PBXFileReference; fileEncoding = 4; lastKnownFileType = sourcecode.c.h; path = "NSDictionary+NSNull.h"; sourceTree = "<group>"; };
		009FB67924500D7700133974 /* UIView+Frame.m */ = {isa = PBXFileReference; fileEncoding = 4; lastKnownFileType = sourcecode.c.objc; path = "UIView+Frame.m"; sourceTree = "<group>"; };
		009FB67A24500D7700133974 /* MainSingleton.h */ = {isa = PBXFileReference; fileEncoding = 4; lastKnownFileType = sourcecode.c.h; path = MainSingleton.h; sourceTree = "<group>"; };
		009FB67B24500D7700133974 /* MainSingleton.m */ = {isa = PBXFileReference; fileEncoding = 4; lastKnownFileType = sourcecode.c.objc; path = MainSingleton.m; sourceTree = "<group>"; };
		009FB67C24500D7700133974 /* UIView+Frame.h */ = {isa = PBXFileReference; fileEncoding = 4; lastKnownFileType = sourcecode.c.h; path = "UIView+Frame.h"; sourceTree = "<group>"; };
		009FB67D24500D7800133974 /* NSString+Size.h */ = {isa = PBXFileReference; fileEncoding = 4; lastKnownFileType = sourcecode.c.h; path = "NSString+Size.h"; sourceTree = "<group>"; };
		009FB67E24500D7800133974 /* NSString+Size.m */ = {isa = PBXFileReference; fileEncoding = 4; lastKnownFileType = sourcecode.c.objc; path = "NSString+Size.m"; sourceTree = "<group>"; };
		009FB6862450425900133974 /* zNoContentView.h */ = {isa = PBXFileReference; lastKnownFileType = sourcecode.c.h; path = zNoContentView.h; sourceTree = "<group>"; };
		009FB6872450425900133974 /* zNoContentView.m */ = {isa = PBXFileReference; lastKnownFileType = sourcecode.c.objc; path = zNoContentView.m; sourceTree = "<group>"; };
		009FB6892450428000133974 /* zNothingView.h */ = {isa = PBXFileReference; lastKnownFileType = sourcecode.c.h; path = zNothingView.h; sourceTree = "<group>"; };
		009FB68A2450428000133974 /* zNothingView.m */ = {isa = PBXFileReference; lastKnownFileType = sourcecode.c.objc; path = zNothingView.m; sourceTree = "<group>"; };
		00B26CEE24580A390099FFD5 /* zUserInfo.h */ = {isa = PBXFileReference; lastKnownFileType = sourcecode.c.h; path = zUserInfo.h; sourceTree = "<group>"; };
		00B26CEF24580A390099FFD5 /* zUserInfo.m */ = {isa = PBXFileReference; lastKnownFileType = sourcecode.c.objc; path = zUserInfo.m; sourceTree = "<group>"; };
		00CA47652455B91D006A2885 /* zQuestionController.h */ = {isa = PBXFileReference; lastKnownFileType = sourcecode.c.h; path = zQuestionController.h; sourceTree = "<group>"; };
		00CA47662455B91E006A2885 /* zQuestionController.m */ = {isa = PBXFileReference; lastKnownFileType = sourcecode.c.objc; path = zQuestionController.m; sourceTree = "<group>"; };
		00CA476C2455B9DD006A2885 /* QuestionModel.h */ = {isa = PBXFileReference; fileEncoding = 4; lastKnownFileType = sourcecode.c.h; path = QuestionModel.h; sourceTree = "<group>"; };
		00CA476D2455B9DD006A2885 /* AnswerModel.h */ = {isa = PBXFileReference; fileEncoding = 4; lastKnownFileType = sourcecode.c.h; path = AnswerModel.h; sourceTree = "<group>"; };
		00CA476E2455B9DD006A2885 /* QuestionModel.m */ = {isa = PBXFileReference; fileEncoding = 4; lastKnownFileType = sourcecode.c.objc; path = QuestionModel.m; sourceTree = "<group>"; };
		00CA476F2455B9DD006A2885 /* AnswerModel.m */ = {isa = PBXFileReference; fileEncoding = 4; lastKnownFileType = sourcecode.c.objc; path = AnswerModel.m; sourceTree = "<group>"; };
		00CA47722455BAEB006A2885 /* AnswerCell.h */ = {isa = PBXFileReference; fileEncoding = 4; lastKnownFileType = sourcecode.c.h; path = AnswerCell.h; sourceTree = "<group>"; };
		00CA47742455BAEB006A2885 /* QuestionHeaderView.h */ = {isa = PBXFileReference; fileEncoding = 4; lastKnownFileType = sourcecode.c.h; path = QuestionHeaderView.h; sourceTree = "<group>"; };
		00CA47752455BAEB006A2885 /* AnswerCell.m */ = {isa = PBXFileReference; fileEncoding = 4; lastKnownFileType = sourcecode.c.objc; path = AnswerCell.m; sourceTree = "<group>"; };
		00CA47772455BAEB006A2885 /* QuestionHeaderView.m */ = {isa = PBXFileReference; fileEncoding = 4; lastKnownFileType = sourcecode.c.objc; path = QuestionHeaderView.m; sourceTree = "<group>"; };
		00CA477E2455C839006A2885 /* QuestionTableViewCell.m */ = {isa = PBXFileReference; fileEncoding = 4; lastKnownFileType = sourcecode.c.objc; path = QuestionTableViewCell.m; sourceTree = "<group>"; };
		00CA477F2455C839006A2885 /* QuestionTableViewCell.h */ = {isa = PBXFileReference; fileEncoding = 4; lastKnownFileType = sourcecode.c.h; path = QuestionTableViewCell.h; sourceTree = "<group>"; };
		00D6E2DB2459A6D200B6E327 /* zNetWorkManger.h */ = {isa = PBXFileReference; lastKnownFileType = sourcecode.c.h; path = zNetWorkManger.h; sourceTree = "<group>"; };
		00D6E2DC2459A6D200B6E327 /* zNetWorkManger.m */ = {isa = PBXFileReference; lastKnownFileType = sourcecode.c.objc; path = zNetWorkManger.m; sourceTree = "<group>"; };
		759737390EA2ABFD7BEC457D /* Pods-ZhuangBei.debug.xcconfig */ = {isa = PBXFileReference; includeInIndex = 1; lastKnownFileType = text.xcconfig; name = "Pods-ZhuangBei.debug.xcconfig"; path = "Target Support Files/Pods-ZhuangBei/Pods-ZhuangBei.debug.xcconfig"; sourceTree = "<group>"; };
		8921697124566BAA007C6615 /* LWHuoYuanListCollectionViewCell.m */ = {isa = PBXFileReference; fileEncoding = 4; lastKnownFileType = sourcecode.c.objc; path = LWHuoYuanListCollectionViewCell.m; sourceTree = "<group>"; };
		8921697224566BAA007C6615 /* LWHuoYuanItemListCollectionViewCell.m */ = {isa = PBXFileReference; fileEncoding = 4; lastKnownFileType = sourcecode.c.objc; path = LWHuoYuanItemListCollectionViewCell.m; sourceTree = "<group>"; };
		8921697324566BAA007C6615 /* LWHuoYuanListCollectionViewCell.h */ = {isa = PBXFileReference; fileEncoding = 4; lastKnownFileType = sourcecode.c.h; path = LWHuoYuanListCollectionViewCell.h; sourceTree = "<group>"; };
		8921697424566BAA007C6615 /* LWHuoYuanItemListCollectionViewCell.h */ = {isa = PBXFileReference; fileEncoding = 4; lastKnownFileType = sourcecode.c.h; path = LWHuoYuanItemListCollectionViewCell.h; sourceTree = "<group>"; };
		89216979245670AE007C6615 /* LWSwitchBarView.h */ = {isa = PBXFileReference; lastKnownFileType = sourcecode.c.h; path = LWSwitchBarView.h; sourceTree = "<group>"; };
		8921697A245670AE007C6615 /* LWSwitchBarView.m */ = {isa = PBXFileReference; lastKnownFileType = sourcecode.c.objc; path = LWSwitchBarView.m; sourceTree = "<group>"; };
		8921697C24567278007C6615 /* UIImage+Extension.h */ = {isa = PBXFileReference; fileEncoding = 4; lastKnownFileType = sourcecode.c.h; path = "UIImage+Extension.h"; sourceTree = "<group>"; };
		8921697D24567278007C6615 /* UIImage+Extension.m */ = {isa = PBXFileReference; fileEncoding = 4; lastKnownFileType = sourcecode.c.objc; path = "UIImage+Extension.m"; sourceTree = "<group>"; };
		89216980245686E2007C6615 /* LWJiaoLiuGroupCollectionView.h */ = {isa = PBXFileReference; lastKnownFileType = sourcecode.c.h; path = LWJiaoLiuGroupCollectionView.h; sourceTree = "<group>"; };
		89216981245686E2007C6615 /* LWJiaoLiuGroupCollectionView.m */ = {isa = PBXFileReference; lastKnownFileType = sourcecode.c.objc; path = LWJiaoLiuGroupCollectionView.m; sourceTree = "<group>"; };
		89216983245687C6007C6615 /* LWJiaoLiuMessageTableViewCell.h */ = {isa = PBXFileReference; lastKnownFileType = sourcecode.c.h; path = LWJiaoLiuMessageTableViewCell.h; sourceTree = "<group>"; };
		89216984245687C6007C6615 /* LWJiaoLiuMessageTableViewCell.m */ = {isa = PBXFileReference; lastKnownFileType = sourcecode.c.objc; path = LWJiaoLiuMessageTableViewCell.m; sourceTree = "<group>"; };
		8921698624569B25007C6615 /* LWJiaoLiuGroupCollectionReusableView.h */ = {isa = PBXFileReference; lastKnownFileType = sourcecode.c.h; path = LWJiaoLiuGroupCollectionReusableView.h; sourceTree = "<group>"; };
		8921698724569B25007C6615 /* LWJiaoLiuGroupCollectionReusableView.m */ = {isa = PBXFileReference; lastKnownFileType = sourcecode.c.objc; path = LWJiaoLiuGroupCollectionReusableView.m; sourceTree = "<group>"; };
		892169892456B06D007C6615 /* LWJiaoLiuContatcsListTableViewCell.h */ = {isa = PBXFileReference; lastKnownFileType = sourcecode.c.h; path = LWJiaoLiuContatcsListTableViewCell.h; sourceTree = "<group>"; };
		8921698A2456B06D007C6615 /* LWJiaoLiuContatcsListTableViewCell.m */ = {isa = PBXFileReference; lastKnownFileType = sourcecode.c.objc; path = LWJiaoLiuContatcsListTableViewCell.m; sourceTree = "<group>"; };
		893A18EC2459182800D8C36C /* LWHuoYuanThreeLevelViewController.h */ = {isa = PBXFileReference; lastKnownFileType = sourcecode.c.h; path = LWHuoYuanThreeLevelViewController.h; sourceTree = "<group>"; };
		893A18ED2459182800D8C36C /* LWHuoYuanThreeLevelViewController.m */ = {isa = PBXFileReference; lastKnownFileType = sourcecode.c.objc; path = LWHuoYuanThreeLevelViewController.m; sourceTree = "<group>"; };
		893A18EF245919C800D8C36C /* LWHuoYuanThreeLevelListTableViewCell.h */ = {isa = PBXFileReference; lastKnownFileType = sourcecode.c.h; path = LWHuoYuanThreeLevelListTableViewCell.h; sourceTree = "<group>"; };
		893A18F0245919C800D8C36C /* LWHuoYuanThreeLevelListTableViewCell.m */ = {isa = PBXFileReference; lastKnownFileType = sourcecode.c.objc; path = LWHuoYuanThreeLevelListTableViewCell.m; sourceTree = "<group>"; };
		893A18F224592D1E00D8C36C /* LWGongYingShangListViewController.h */ = {isa = PBXFileReference; lastKnownFileType = sourcecode.c.h; path = LWGongYingShangListViewController.h; sourceTree = "<group>"; };
		893A18F324592D1E00D8C36C /* LWGongYingShangListViewController.m */ = {isa = PBXFileReference; lastKnownFileType = sourcecode.c.objc; path = LWGongYingShangListViewController.m; sourceTree = "<group>"; };
		893A18F524592D3E00D8C36C /* LWGongYingShangListTableViewCell.h */ = {isa = PBXFileReference; lastKnownFileType = sourcecode.c.h; path = LWGongYingShangListTableViewCell.h; sourceTree = "<group>"; };
		893A18F624592D3E00D8C36C /* LWGongYingShangListTableViewCell.m */ = {isa = PBXFileReference; lastKnownFileType = sourcecode.c.objc; path = LWGongYingShangListTableViewCell.m; sourceTree = "<group>"; };
		89487BEA24544E4B00D4FA67 /* Foundation+Log.m */ = {isa = PBXFileReference; fileEncoding = 4; lastKnownFileType = sourcecode.c.objc; path = "Foundation+Log.m"; sourceTree = "<group>"; };
		894E4110245A7A810028D2B4 /* UIButton+typeLayout.h */ = {isa = PBXFileReference; fileEncoding = 4; lastKnownFileType = sourcecode.c.h; path = "UIButton+typeLayout.h"; sourceTree = "<group>"; };
		894E4111245A7A810028D2B4 /* UIButton+typeLayout.m */ = {isa = PBXFileReference; fileEncoding = 4; lastKnownFileType = sourcecode.c.objc; path = "UIButton+typeLayout.m"; sourceTree = "<group>"; };
		894E4113245A96430028D2B4 /* LWLabel.h */ = {isa = PBXFileReference; lastKnownFileType = sourcecode.c.h; path = LWLabel.h; sourceTree = "<group>"; };
		894E4114245A96430028D2B4 /* LWLabel.m */ = {isa = PBXFileReference; lastKnownFileType = sourcecode.c.objc; path = LWLabel.m; sourceTree = "<group>"; };
		894E4116245A97A20028D2B4 /* LWButton.h */ = {isa = PBXFileReference; lastKnownFileType = sourcecode.c.h; path = LWButton.h; sourceTree = "<group>"; };
		894E4117245A97A20028D2B4 /* LWButton.m */ = {isa = PBXFileReference; lastKnownFileType = sourcecode.c.objc; path = LWButton.m; sourceTree = "<group>"; };
		8957D49F24594C230096F1D7 /* LWHuoYuanBaseViewController.h */ = {isa = PBXFileReference; lastKnownFileType = sourcecode.c.h; path = LWHuoYuanBaseViewController.h; sourceTree = "<group>"; };
		8957D4A024594C230096F1D7 /* LWHuoYuanBaseViewController.m */ = {isa = PBXFileReference; lastKnownFileType = sourcecode.c.objc; path = LWHuoYuanBaseViewController.m; sourceTree = "<group>"; };
		8957D4A2245955250096F1D7 /* LWSearchViewController.h */ = {isa = PBXFileReference; lastKnownFileType = sourcecode.c.h; path = LWSearchViewController.h; sourceTree = "<group>"; };
		8957D4A3245955250096F1D7 /* LWSearchViewController.m */ = {isa = PBXFileReference; lastKnownFileType = sourcecode.c.objc; path = LWSearchViewController.m; sourceTree = "<group>"; };
		8957D4A5245955F50096F1D7 /* LWSeachView.h */ = {isa = PBXFileReference; lastKnownFileType = sourcecode.c.h; path = LWSeachView.h; sourceTree = "<group>"; };
		8957D4A6245955F50096F1D7 /* LWSeachView.m */ = {isa = PBXFileReference; lastKnownFileType = sourcecode.c.objc; path = LWSeachView.m; sourceTree = "<group>"; };
		8957D4A8245975370096F1D7 /* LWHuoYuanDeatilViewController.h */ = {isa = PBXFileReference; lastKnownFileType = sourcecode.c.h; path = LWHuoYuanDeatilViewController.h; sourceTree = "<group>"; };
		8957D4A9245975370096F1D7 /* LWHuoYuanDeatilViewController.m */ = {isa = PBXFileReference; lastKnownFileType = sourcecode.c.objc; path = LWHuoYuanDeatilViewController.m; sourceTree = "<group>"; };
		8957D4AB245975E00096F1D7 /* LWHuoYuanDeatilView.h */ = {isa = PBXFileReference; lastKnownFileType = sourcecode.c.h; path = LWHuoYuanDeatilView.h; sourceTree = "<group>"; };
		8957D4AC245975E00096F1D7 /* LWHuoYuanDeatilView.m */ = {isa = PBXFileReference; lastKnownFileType = sourcecode.c.objc; path = LWHuoYuanDeatilView.m; sourceTree = "<group>"; };
		89A9382A24542B38001C77A8 /* LaunchScreen.storyboard */ = {isa = PBXFileReference; fileEncoding = 4; lastKnownFileType = file.storyboard; path = LaunchScreen.storyboard; sourceTree = "<group>"; };
		89F5B7DA2455955D0040F7B1 /* UIViewAdditions.h */ = {isa = PBXFileReference; fileEncoding = 4; lastKnownFileType = sourcecode.c.h; path = UIViewAdditions.h; sourceTree = "<group>"; };
		89F5B7DB2455955E0040F7B1 /* UIViewAdditions.m */ = {isa = PBXFileReference; fileEncoding = 4; lastKnownFileType = sourcecode.c.objc; path = UIViewAdditions.m; sourceTree = "<group>"; };
		89F5B7DD245596DD0040F7B1 /* UIView+Extension.h */ = {isa = PBXFileReference; fileEncoding = 4; lastKnownFileType = sourcecode.c.h; path = "UIView+Extension.h"; sourceTree = "<group>"; };
		89F5B7DE245596DD0040F7B1 /* UIView+Extension.m */ = {isa = PBXFileReference; fileEncoding = 4; lastKnownFileType = sourcecode.c.objc; path = "UIView+Extension.m"; sourceTree = "<group>"; };
		89F5B7E0245599530040F7B1 /* LWHuoYuanItemsListViewController.h */ = {isa = PBXFileReference; lastKnownFileType = sourcecode.c.h; path = LWHuoYuanItemsListViewController.h; sourceTree = "<group>"; };
		89F5B7E1245599530040F7B1 /* LWHuoYuanItemsListViewController.m */ = {isa = PBXFileReference; lastKnownFileType = sourcecode.c.objc; path = LWHuoYuanItemsListViewController.m; sourceTree = "<group>"; };
		95998143212FCD9D90EA6CD4 /* Pods-ZhuangBei.release.xcconfig */ = {isa = PBXFileReference; includeInIndex = 1; lastKnownFileType = text.xcconfig; name = "Pods-ZhuangBei.release.xcconfig"; path = "Target Support Files/Pods-ZhuangBei/Pods-ZhuangBei.release.xcconfig"; sourceTree = "<group>"; };
		B7977AA9958E9CD57558960F /* libPods-ZhuangBei.a */ = {isa = PBXFileReference; explicitFileType = archive.ar; includeInIndex = 0; path = "libPods-ZhuangBei.a"; sourceTree = BUILT_PRODUCTS_DIR; };
/* End PBXFileReference section */

/* Begin PBXFrameworksBuildPhase section */
		009FB5D7244E89C700133974 /* Frameworks */ = {
			isa = PBXFrameworksBuildPhase;
			buildActionMask = 2147483647;
			files = (
				6BE41E3FCD0C213AB1550073 /* libPods-ZhuangBei.a in Frameworks */,
			);
			runOnlyForDeploymentPostprocessing = 0;
		};
		009FB5F2244E89CE00133974 /* Frameworks */ = {
			isa = PBXFrameworksBuildPhase;
			buildActionMask = 2147483647;
			files = (
			);
			runOnlyForDeploymentPostprocessing = 0;
		};
		009FB5FD244E89CE00133974 /* Frameworks */ = {
			isa = PBXFrameworksBuildPhase;
			buildActionMask = 2147483647;
			files = (
			);
			runOnlyForDeploymentPostprocessing = 0;
		};
/* End PBXFrameworksBuildPhase section */

/* Begin PBXGroup section */
		001ECA672453B6F300727379 /* views */ = {
			isa = PBXGroup;
			children = (
				00CA47722455BAEB006A2885 /* AnswerCell.h */,
				00CA47752455BAEB006A2885 /* AnswerCell.m */,
				00CA477F2455C839006A2885 /* QuestionTableViewCell.h */,
				00CA477E2455C839006A2885 /* QuestionTableViewCell.m */,
				00CA47742455BAEB006A2885 /* QuestionHeaderView.h */,
				00CA47772455BAEB006A2885 /* QuestionHeaderView.m */,
				008718492459585C003F8CD3 /* QuestionFootView.h */,
				0087184A2459585C003F8CD3 /* QuestionFootView.m */,
				001ECA792454449000727379 /* zhuCeCard.h */,
				001ECA7A2454449000727379 /* zhuCeCard.m */,
				001ECA682453B6F300727379 /* zLoginCard.h */,
				001ECA692453B6F300727379 /* zLoginCard.m */,
			);
			path = views;
			sourceTree = "<group>";
		};
		00372AE82456842F00E51931 /* PPNetworkHelper */ = {
			isa = PBXGroup;
			children = (
				00372AEA2456842F00E51931 /* PPNetworkCache.h */,
				00372AEC2456842F00E51931 /* PPNetworkCache.m */,
				00372AEB2456842F00E51931 /* PPNetworkHelper.h */,
				00372AE92456842F00E51931 /* PPNetworkHelper.m */,
			);
			path = PPNetworkHelper;
			sourceTree = "<group>";
		};
		00372B042456A54B00E51931 /* views */ = {
			isa = PBXGroup;
			children = (
				00372B0A2456A54B00E51931 /* zCategoryCard.h */,
				00372B072456A54B00E51931 /* zCategoryCard.m */,
				00372B082456A54B00E51931 /* zInstructionsCard.h */,
				00372B052456A54B00E51931 /* zInstructionsCard.m */,
				00372B062456A54B00E51931 /* zUserInfoCard.h */,
				00372B092456A54B00E51931 /* zUserInfoCard.m */,
			);
			path = views;
			sourceTree = "<group>";
		};
		003A932A245086110001F615 /* category */ = {
			isa = PBXGroup;
			children = (
				894E4110245A7A810028D2B4 /* UIButton+typeLayout.h */,
				894E4111245A7A810028D2B4 /* UIButton+typeLayout.m */,
				0087184C245960B2003F8CD3 /* json */,
				00926BB5245706E30052B827 /* UIButton+HQCustomIcon.h */,
				00926BB6245706E30052B827 /* UIButton+HQCustomIcon.m */,
				8921697C24567278007C6615 /* UIImage+Extension.h */,
				8921697D24567278007C6615 /* UIImage+Extension.m */,
				89F5B7DD245596DD0040F7B1 /* UIView+Extension.h */,
				89F5B7DE245596DD0040F7B1 /* UIView+Extension.m */,
				89F5B7DA2455955D0040F7B1 /* UIViewAdditions.h */,
				89F5B7DB2455955E0040F7B1 /* UIViewAdditions.m */,
				003A932B2450866D0001F615 /* LoginTextField.h */,
				003A932C2450866D0001F615 /* LoginTextField.m */,
				003A932E245089540001F615 /* UITextField+maxLength.h */,
				003A932F245089540001F615 /* UITextField+maxLength.m */,
				001ECA732453CCB700727379 /* zHud.h */,
				001ECA742453CCB700727379 /* zHud.m */,
				001ECA762453DA3200727379 /* phoneNumCheck.h */,
				001ECA772453DA3200727379 /* phoneNumCheck.m */,
			);
			path = category;
			sourceTree = "<group>";
		};
		0087184C245960B2003F8CD3 /* json */ = {
			isa = PBXGroup;
			children = (
				0087184E245960B2003F8CD3 /* NSArray+JSON.h */,
				00871850245960B2003F8CD3 /* NSArray+JSON.m */,
				0087184D245960B2003F8CD3 /* NSDictionary+JSON.h */,
				0087184F245960B2003F8CD3 /* NSDictionary+JSON.m */,
			);
			path = json;
			sourceTree = "<group>";
		};
		009FB5D1244E89C700133974 = {
			isa = PBXGroup;
			children = (
				009FB5DC244E89C700133974 /* ZhuangBei */,
				009FB5F8244E89CE00133974 /* ZhuangBeiTests */,
				009FB603244E89CE00133974 /* ZhuangBeiUITests */,
				009FB5DB244E89C700133974 /* Products */,
				F717A43D4ED9D0BFAF898114 /* Pods */,
				732C49DD66576D0DB40FA460 /* Frameworks */,
			);
			sourceTree = "<group>";
		};
		009FB5DB244E89C700133974 /* Products */ = {
			isa = PBXGroup;
			children = (
				009FB5DA244E89C700133974 /* ZhuangBei.app */,
				009FB5F5244E89CE00133974 /* ZhuangBeiTests.xctest */,
				009FB600244E89CE00133974 /* ZhuangBeiUITests.xctest */,
			);
			name = Products;
			sourceTree = "<group>";
		};
		009FB5DC244E89C700133974 /* ZhuangBei */ = {
			isa = PBXGroup;
			children = (
				89A9382924542A06001C77A8 /* Other */,
				009FB654244FEC9900133974 /* commen */,
				009FB613244FE8C200133974 /* delegate */,
				009FB61B244FE8DE00133974 /* Home */,
				009FB63F244FEB7700133974 /* zDenglu */,
				009FB640244FEB7700133974 /* zHuoyuan */,
				009FB641244FEB7800133974 /* zJiaoliu */,
				009FB642244FEB7800133974 /* zShouye */,
				009FB644244FEBA400133974 /* zWode */,
			);
			path = ZhuangBei;
			sourceTree = "<group>";
		};
		009FB5F8244E89CE00133974 /* ZhuangBeiTests */ = {
			isa = PBXGroup;
			children = (
				009FB5F9244E89CE00133974 /* ZhuangBeiTests.m */,
				009FB5FB244E89CE00133974 /* Info.plist */,
			);
			path = ZhuangBeiTests;
			sourceTree = "<group>";
		};
		009FB603244E89CE00133974 /* ZhuangBeiUITests */ = {
			isa = PBXGroup;
			children = (
				009FB604244E89CE00133974 /* ZhuangBeiUITests.m */,
				009FB606244E89CE00133974 /* Info.plist */,
			);
			path = ZhuangBeiUITests;
			sourceTree = "<group>";
		};
		009FB613244FE8C200133974 /* delegate */ = {
			isa = PBXGroup;
			children = (
				009FB614244FE8C200133974 /* AppDelegate.h */,
				009FB616244FE8C200133974 /* AppDelegate.m */,
				009FB618244FE8C200133974 /* SceneDelegate.h */,
				009FB615244FE8C200133974 /* SceneDelegate.m */,
			);
			path = delegate;
			sourceTree = "<group>";
		};
		009FB61B244FE8DE00133974 /* Home */ = {
			isa = PBXGroup;
			children = (
				009FB61F244FE8DE00133974 /* FUTabBarController */,
				009FB61E244FE8DE00133974 /* MainNavController.h */,
				009FB61C244FE8DE00133974 /* MainNavController.m */,
				009FB633244FE8DE00133974 /* MainTabBarController.h */,
				009FB61D244FE8DE00133974 /* MainTabBarController.m */,
			);
			path = Home;
			sourceTree = "<group>";
		};
		009FB61F244FE8DE00133974 /* FUTabBarController */ = {
			isa = PBXGroup;
			children = (
				009FB62C244FE8DE00133974 /* FUBadgeButton.h */,
				009FB623244FE8DE00133974 /* FUBadgeButton.m */,
				009FB62A244FE8DE00133974 /* FUTabBar.h */,
				009FB621244FE8DE00133974 /* FUTabBar.m */,
				009FB62F244FE8DE00133974 /* FUTabBarButton.h */,
				009FB628244FE8DE00133974 /* FUTabBarButton.m */,
				009FB620244FE8DE00133974 /* FUTabBarController.h */,
				009FB62B244FE8DE00133974 /* FUTabBarController.m */,
				009FB625244FE8DE00133974 /* FUTabBarHeader.h */,
				009FB627244FE8DE00133974 /* NSString+size.h */,
				009FB630244FE8DE00133974 /* NSString+size.m */,
				009FB62D244FE8DE00133974 /* UIImage+Extension.h */,
				009FB622244FE8DE00133974 /* UIImage+Extension.m */,
				009FB62E244FE8DE00133974 /* UITabBarItem+Extension.h */,
				009FB629244FE8DE00133974 /* UITabBarItem+Extension.m */,
				009FB631244FE8DE00133974 /* UIView+FU_Animation.h */,
				009FB626244FE8DE00133974 /* UIView+FU_Animation.m */,
				009FB632244FE8DE00133974 /* UIView+TouchAreaInsets.h */,
				009FB624244FE8DE00133974 /* UIView+TouchAreaInsets.m */,
			);
			path = FUTabBarController;
			sourceTree = "<group>";
		};
		009FB63F244FEB7700133974 /* zDenglu */ = {
			isa = PBXGroup;
			children = (
				00CA476B2455B9DD006A2885 /* model */,
				001ECA672453B6F300727379 /* views */,
				009FB658244FF36300133974 /* requset */,
				009FB645244FEC3400133974 /* controllers */,
			);
			path = zDenglu;
			sourceTree = "<group>";
		};
		009FB640244FEB7700133974 /* zHuoyuan */ = {
			isa = PBXGroup;
			children = (
				8921697724566BB1007C6615 /* Model */,
				8921697024566BAA007C6615 /* View */,
				009FB649244FEC4200133974 /* controllers */,
			);
			path = zHuoyuan;
			sourceTree = "<group>";
		};
		009FB641244FEB7800133974 /* zJiaoliu */ = {
			isa = PBXGroup;
			children = (
				8921697F24568699007C6615 /* View */,
				009FB64C244FEC4C00133974 /* controllers */,
				009FB64D244FEC4C00133974 /* models */,
			);
			path = zJiaoliu;
			sourceTree = "<group>";
		};
		009FB642244FEB7800133974 /* zShouye */ = {
			isa = PBXGroup;
			children = (
				009FB64E244FEC5B00133974 /* controllers */,
				009FB650244FEC5B00133974 /* models */,
				009FB64F244FEC5B00133974 /* views */,
			);
			path = zShouye;
			sourceTree = "<group>";
		};
		009FB644244FEBA400133974 /* zWode */ = {
			isa = PBXGroup;
			children = (
				00372B042456A54B00E51931 /* views */,
				009FB651244FEC6300133974 /* controllers */,
			);
			path = zWode;
			sourceTree = "<group>";
		};
		009FB645244FEC3400133974 /* controllers */ = {
			isa = PBXGroup;
			children = (
				009FB667245007ED00133974 /* zDengluController.h */,
				009FB668245007ED00133974 /* zDengluController.m */,
				001ECA6C2453C43600727379 /* zZhuCeController.h */,
				001ECA6D2453C43600727379 /* zZhuCeController.m */,
				001ECA6F2453C49500727379 /* zZhaoHuiController.h */,
				001ECA702453C49500727379 /* zZhaoHuiController.m */,
				00CA47652455B91D006A2885 /* zQuestionController.h */,
				00CA47662455B91E006A2885 /* zQuestionController.m */,
			);
			path = controllers;
			sourceTree = "<group>";
		};
		009FB649244FEC4200133974 /* controllers */ = {
			isa = PBXGroup;
			children = (
				009FB66A2450091D00133974 /* zHyController.h */,
				009FB66B2450091D00133974 /* zHyController.m */,
				89F5B7E0245599530040F7B1 /* LWHuoYuanItemsListViewController.h */,
				89F5B7E1245599530040F7B1 /* LWHuoYuanItemsListViewController.m */,
				893A18EC2459182800D8C36C /* LWHuoYuanThreeLevelViewController.h */,
				893A18ED2459182800D8C36C /* LWHuoYuanThreeLevelViewController.m */,
				893A18F224592D1E00D8C36C /* LWGongYingShangListViewController.h */,
				893A18F324592D1E00D8C36C /* LWGongYingShangListViewController.m */,
				8957D49F24594C230096F1D7 /* LWHuoYuanBaseViewController.h */,
				8957D4A024594C230096F1D7 /* LWHuoYuanBaseViewController.m */,
				8957D4A2245955250096F1D7 /* LWSearchViewController.h */,
				8957D4A3245955250096F1D7 /* LWSearchViewController.m */,
				8957D4A8245975370096F1D7 /* LWHuoYuanDeatilViewController.h */,
				8957D4A9245975370096F1D7 /* LWHuoYuanDeatilViewController.m */,
			);
			path = controllers;
			sourceTree = "<group>";
		};
		009FB64C244FEC4C00133974 /* controllers */ = {
			isa = PBXGroup;
			children = (
				009FB66D2450093A00133974 /* zJiaoliuController.h */,
				009FB66E2450093A00133974 /* zJiaoliuController.m */,
			);
			path = controllers;
			sourceTree = "<group>";
		};
		009FB64D244FEC4C00133974 /* models */ = {
			isa = PBXGroup;
			children = (
			);
			path = models;
			sourceTree = "<group>";
		};
		009FB64E244FEC5B00133974 /* controllers */ = {
			isa = PBXGroup;
			children = (
				009FB6702450094C00133974 /* zShouyeController.h */,
				009FB6712450094C00133974 /* zShouyeController.m */,
			);
			path = controllers;
			sourceTree = "<group>";
		};
		009FB64F244FEC5B00133974 /* views */ = {
			isa = PBXGroup;
			children = (
			);
			path = views;
			sourceTree = "<group>";
		};
		009FB650244FEC5B00133974 /* models */ = {
			isa = PBXGroup;
			children = (
			);
			path = models;
			sourceTree = "<group>";
		};
		009FB651244FEC6300133974 /* controllers */ = {
			isa = PBXGroup;
			children = (
				009FB6732450095C00133974 /* zWodeController.h */,
				009FB6742450095C00133974 /* zWodeController.m */,
			);
			path = controllers;
			sourceTree = "<group>";
		};
		009FB654244FEC9900133974 /* commen */ = {
			isa = PBXGroup;
			children = (
				00D6E2DA2459A6B700B6E327 /* network */,
				8921697824567045007C6615 /* Component */,
				89487BE824544E4000D4FA67 /* Tools */,
				89487BE724544E1500D4FA67 /* Thrid */,
				003A932A245086110001F615 /* category */,
				009FB6832450422400133974 /* controllers */,
				009FB6842450422500133974 /* url */,
				009FB6852450422500133974 /* views */,
				009FB67624500D5300133974 /* aHelpers */,
			);
			path = commen;
			sourceTree = "<group>";
		};
		009FB658244FF36300133974 /* requset */ = {
			isa = PBXGroup;
			children = (
				009FB659244FF3A100133974 /* zDengluRequst.h */,
				009FB65A244FF3A100133974 /* zDengluRequst.m */,
			);
			path = requset;
			sourceTree = "<group>";
		};
		009FB67624500D5300133974 /* aHelpers */ = {
			isa = PBXGroup;
			children = (
				009FB67A24500D7700133974 /* MainSingleton.h */,
				009FB67B24500D7700133974 /* MainSingleton.m */,
				009FB67824500D7700133974 /* NSDictionary+NSNull.h */,
				009FB67724500D7700133974 /* NSDictionary+NSNull.m */,
				009FB67D24500D7800133974 /* NSString+Size.h */,
				009FB67E24500D7800133974 /* NSString+Size.m */,
				009FB67C24500D7700133974 /* UIView+Frame.h */,
				009FB67924500D7700133974 /* UIView+Frame.m */,
			);
			path = aHelpers;
			sourceTree = "<group>";
		};
		009FB6832450422400133974 /* controllers */ = {
			isa = PBXGroup;
			children = (
				009FB655244FECC500133974 /* baseViewController.h */,
				009FB656244FECC500133974 /* baseViewController.m */,
			);
			path = controllers;
			sourceTree = "<group>";
		};
		009FB6842450422500133974 /* url */ = {
			isa = PBXGroup;
			children = (
				009FB664244FF64D00133974 /* zInterfacedConst.h */,
				009FB665244FF64D00133974 /* zInterfacedConst.m */,
			);
			path = url;
			sourceTree = "<group>";
		};
		009FB6852450422500133974 /* views */ = {
			isa = PBXGroup;
			children = (
				009FB6862450425900133974 /* zNoContentView.h */,
				009FB6872450425900133974 /* zNoContentView.m */,
				009FB6892450428000133974 /* zNothingView.h */,
				009FB68A2450428000133974 /* zNothingView.m */,
			);
			path = views;
			sourceTree = "<group>";
		};
		00CA476B2455B9DD006A2885 /* model */ = {
			isa = PBXGroup;
			children = (
				00CA476D2455B9DD006A2885 /* AnswerModel.h */,
				00CA476F2455B9DD006A2885 /* AnswerModel.m */,
				00CA476C2455B9DD006A2885 /* QuestionModel.h */,
				00CA476E2455B9DD006A2885 /* QuestionModel.m */,
				00B26CEE24580A390099FFD5 /* zUserInfo.h */,
				00B26CEF24580A390099FFD5 /* zUserInfo.m */,
			);
			path = model;
			sourceTree = "<group>";
		};
		00D6E2DA2459A6B700B6E327 /* network */ = {
			isa = PBXGroup;
			children = (
				00D6E2DB2459A6D200B6E327 /* zNetWorkManger.h */,
				00D6E2DC2459A6D200B6E327 /* zNetWorkManger.m */,
			);
			name = network;
			path = ZhuangBei/network;
			sourceTree = SOURCE_ROOT;
		};
		732C49DD66576D0DB40FA460 /* Frameworks */ = {
			isa = PBXGroup;
			children = (
				00372AF02456857500E51931 /* libsqlite3.0.tbd */,
				00372AEF2456856100E51931 /* libsqlite3.tbd */,
				B7977AA9958E9CD57558960F /* libPods-ZhuangBei.a */,
			);
			name = Frameworks;
			sourceTree = "<group>";
		};
		8921697024566BAA007C6615 /* View */ = {
			isa = PBXGroup;
			children = (
				8921697124566BAA007C6615 /* LWHuoYuanListCollectionViewCell.m */,
				8921697224566BAA007C6615 /* LWHuoYuanItemListCollectionViewCell.m */,
				8921697324566BAA007C6615 /* LWHuoYuanListCollectionViewCell.h */,
				8921697424566BAA007C6615 /* LWHuoYuanItemListCollectionViewCell.h */,
				893A18EF245919C800D8C36C /* LWHuoYuanThreeLevelListTableViewCell.h */,
				893A18F0245919C800D8C36C /* LWHuoYuanThreeLevelListTableViewCell.m */,
				893A18F524592D3E00D8C36C /* LWGongYingShangListTableViewCell.h */,
				893A18F624592D3E00D8C36C /* LWGongYingShangListTableViewCell.m */,
				8957D4A5245955F50096F1D7 /* LWSeachView.h */,
				8957D4A6245955F50096F1D7 /* LWSeachView.m */,
				8957D4AB245975E00096F1D7 /* LWHuoYuanDeatilView.h */,
				8957D4AC245975E00096F1D7 /* LWHuoYuanDeatilView.m */,
			);
			path = View;
			sourceTree = "<group>";
		};
		8921697724566BB1007C6615 /* Model */ = {
			isa = PBXGroup;
			children = (
			);
			path = Model;
			sourceTree = "<group>";
		};
		8921697824567045007C6615 /* Component */ = {
			isa = PBXGroup;
			children = (
				89216979245670AE007C6615 /* LWSwitchBarView.h */,
				8921697A245670AE007C6615 /* LWSwitchBarView.m */,
				894E4113245A96430028D2B4 /* LWLabel.h */,
				894E4114245A96430028D2B4 /* LWLabel.m */,
				894E4116245A97A20028D2B4 /* LWButton.h */,
				894E4117245A97A20028D2B4 /* LWButton.m */,
			);
			path = Component;
			sourceTree = "<group>";
		};
		8921697F24568699007C6615 /* View */ = {
			isa = PBXGroup;
			children = (
				89216980245686E2007C6615 /* LWJiaoLiuGroupCollectionView.h */,
				89216981245686E2007C6615 /* LWJiaoLiuGroupCollectionView.m */,
				89216983245687C6007C6615 /* LWJiaoLiuMessageTableViewCell.h */,
				89216984245687C6007C6615 /* LWJiaoLiuMessageTableViewCell.m */,
				8921698624569B25007C6615 /* LWJiaoLiuGroupCollectionReusableView.h */,
				8921698724569B25007C6615 /* LWJiaoLiuGroupCollectionReusableView.m */,
				892169892456B06D007C6615 /* LWJiaoLiuContatcsListTableViewCell.h */,
				8921698A2456B06D007C6615 /* LWJiaoLiuContatcsListTableViewCell.m */,
			);
			path = View;
			sourceTree = "<group>";
		};
		89487BE724544E1500D4FA67 /* Thrid */ = {
			isa = PBXGroup;
			children = (
				00372AE82456842F00E51931 /* PPNetworkHelper */,
			);
			path = Thrid;
			sourceTree = "<group>";
		};
		89487BE824544E4000D4FA67 /* Tools */ = {
			isa = PBXGroup;
			children = (
				89487BEC24544F4A00D4FA67 /* Confi */,
				89487BE924544E4B00D4FA67 /* Log */,
			);
			path = Tools;
			sourceTree = "<group>";
		};
		89487BE924544E4B00D4FA67 /* Log */ = {
			isa = PBXGroup;
			children = (
				89487BEA24544E4B00D4FA67 /* Foundation+Log.m */,
			);
			path = Log;
			sourceTree = "<group>";
		};
		89487BEC24544F4A00D4FA67 /* Confi */ = {
			isa = PBXGroup;
			children = (
			);
			path = Confi;
			sourceTree = "<group>";
		};
		89A9382924542A06001C77A8 /* Other */ = {
			isa = PBXGroup;
			children = (
				009FB5EE244E89CD00133974 /* Info.plist */,
				89A9382A24542B38001C77A8 /* LaunchScreen.storyboard */,
				009FB617244FE8C200133974 /* PrefixHeader.pch */,
				009FB5EF244E89CD00133974 /* main.m */,
				009FB5E3244E89C700133974 /* ViewController.h */,
				009FB5E4244E89C700133974 /* ViewController.m */,
				009FB5E9244E89CD00133974 /* Assets.xcassets */,
			);
			path = Other;
			sourceTree = "<group>";
		};
		F717A43D4ED9D0BFAF898114 /* Pods */ = {
			isa = PBXGroup;
			children = (
				759737390EA2ABFD7BEC457D /* Pods-ZhuangBei.debug.xcconfig */,
				95998143212FCD9D90EA6CD4 /* Pods-ZhuangBei.release.xcconfig */,
			);
			path = Pods;
			sourceTree = "<group>";
		};
/* End PBXGroup section */

/* Begin PBXNativeTarget section */
		009FB5D9244E89C700133974 /* ZhuangBei */ = {
			isa = PBXNativeTarget;
			buildConfigurationList = 009FB609244E89CE00133974 /* Build configuration list for PBXNativeTarget "ZhuangBei" */;
			buildPhases = (
				ECFB8FF3F69C6346AA493651 /* [CP] Check Pods Manifest.lock */,
				009FB5D6244E89C700133974 /* Sources */,
				009FB5D7244E89C700133974 /* Frameworks */,
				009FB5D8244E89C700133974 /* Resources */,
				1D1DBF5290250EC9D0493CDB /* [CP] Copy Pods Resources */,
			);
			buildRules = (
			);
			dependencies = (
			);
			name = ZhuangBei;
			productName = ZhuangBei;
			productReference = 009FB5DA244E89C700133974 /* ZhuangBei.app */;
			productType = "com.apple.product-type.application";
		};
		009FB5F4244E89CE00133974 /* ZhuangBeiTests */ = {
			isa = PBXNativeTarget;
			buildConfigurationList = 009FB60C244E89CE00133974 /* Build configuration list for PBXNativeTarget "ZhuangBeiTests" */;
			buildPhases = (
				009FB5F1244E89CE00133974 /* Sources */,
				009FB5F2244E89CE00133974 /* Frameworks */,
				009FB5F3244E89CE00133974 /* Resources */,
			);
			buildRules = (
			);
			dependencies = (
				009FB5F7244E89CE00133974 /* PBXTargetDependency */,
			);
			name = ZhuangBeiTests;
			productName = ZhuangBeiTests;
			productReference = 009FB5F5244E89CE00133974 /* ZhuangBeiTests.xctest */;
			productType = "com.apple.product-type.bundle.unit-test";
		};
		009FB5FF244E89CE00133974 /* ZhuangBeiUITests */ = {
			isa = PBXNativeTarget;
			buildConfigurationList = 009FB60F244E89CE00133974 /* Build configuration list for PBXNativeTarget "ZhuangBeiUITests" */;
			buildPhases = (
				009FB5FC244E89CE00133974 /* Sources */,
				009FB5FD244E89CE00133974 /* Frameworks */,
				009FB5FE244E89CE00133974 /* Resources */,
			);
			buildRules = (
			);
			dependencies = (
				009FB602244E89CE00133974 /* PBXTargetDependency */,
			);
			name = ZhuangBeiUITests;
			productName = ZhuangBeiUITests;
			productReference = 009FB600244E89CE00133974 /* ZhuangBeiUITests.xctest */;
			productType = "com.apple.product-type.bundle.ui-testing";
		};
/* End PBXNativeTarget section */

/* Begin PBXProject section */
		009FB5D2244E89C700133974 /* Project object */ = {
			isa = PBXProject;
			attributes = {
				CLASSPREFIX = LW;
				LastUpgradeCheck = 1140;
				ORGANIZATIONNAME = aa;
				TargetAttributes = {
					009FB5D9244E89C700133974 = {
						CreatedOnToolsVersion = 11.4.1;
					};
					009FB5F4244E89CE00133974 = {
						CreatedOnToolsVersion = 11.4.1;
						TestTargetID = 009FB5D9244E89C700133974;
					};
					009FB5FF244E89CE00133974 = {
						CreatedOnToolsVersion = 11.4.1;
						TestTargetID = 009FB5D9244E89C700133974;
					};
				};
			};
			buildConfigurationList = 009FB5D5244E89C700133974 /* Build configuration list for PBXProject "ZhuangBei" */;
			compatibilityVersion = "Xcode 9.3";
			developmentRegion = en;
			hasScannedForEncodings = 0;
			knownRegions = (
				en,
				Base,
			);
			mainGroup = 009FB5D1244E89C700133974;
			productRefGroup = 009FB5DB244E89C700133974 /* Products */;
			projectDirPath = "";
			projectRoot = "";
			targets = (
				009FB5D9244E89C700133974 /* ZhuangBei */,
				009FB5F4244E89CE00133974 /* ZhuangBeiTests */,
				009FB5FF244E89CE00133974 /* ZhuangBeiUITests */,
			);
		};
/* End PBXProject section */

/* Begin PBXResourcesBuildPhase section */
		009FB5D8244E89C700133974 /* Resources */ = {
			isa = PBXResourcesBuildPhase;
			buildActionMask = 2147483647;
			files = (
				89A9382B24542B38001C77A8 /* LaunchScreen.storyboard in Resources */,
				009FB5EA244E89CD00133974 /* Assets.xcassets in Resources */,
			);
			runOnlyForDeploymentPostprocessing = 0;
		};
		009FB5F3244E89CE00133974 /* Resources */ = {
			isa = PBXResourcesBuildPhase;
			buildActionMask = 2147483647;
			files = (
			);
			runOnlyForDeploymentPostprocessing = 0;
		};
		009FB5FE244E89CE00133974 /* Resources */ = {
			isa = PBXResourcesBuildPhase;
			buildActionMask = 2147483647;
			files = (
			);
			runOnlyForDeploymentPostprocessing = 0;
		};
/* End PBXResourcesBuildPhase section */

/* Begin PBXShellScriptBuildPhase section */
		1D1DBF5290250EC9D0493CDB /* [CP] Copy Pods Resources */ = {
			isa = PBXShellScriptBuildPhase;
			buildActionMask = 2147483647;
			files = (
			);
			inputFileListPaths = (
				"${PODS_ROOT}/Target Support Files/Pods-ZhuangBei/Pods-ZhuangBei-resources-${CONFIGURATION}-input-files.xcfilelist",
			);
			name = "[CP] Copy Pods Resources";
			outputFileListPaths = (
				"${PODS_ROOT}/Target Support Files/Pods-ZhuangBei/Pods-ZhuangBei-resources-${CONFIGURATION}-output-files.xcfilelist",
			);
			runOnlyForDeploymentPostprocessing = 0;
			shellPath = /bin/sh;
			shellScript = "\"${PODS_ROOT}/Target Support Files/Pods-ZhuangBei/Pods-ZhuangBei-resources.sh\"\n";
			showEnvVarsInLog = 0;
		};
		ECFB8FF3F69C6346AA493651 /* [CP] Check Pods Manifest.lock */ = {
			isa = PBXShellScriptBuildPhase;
			buildActionMask = 2147483647;
			files = (
			);
			inputFileListPaths = (
			);
			inputPaths = (
				"${PODS_PODFILE_DIR_PATH}/Podfile.lock",
				"${PODS_ROOT}/Manifest.lock",
			);
			name = "[CP] Check Pods Manifest.lock";
			outputFileListPaths = (
			);
			outputPaths = (
				"$(DERIVED_FILE_DIR)/Pods-ZhuangBei-checkManifestLockResult.txt",
			);
			runOnlyForDeploymentPostprocessing = 0;
			shellPath = /bin/sh;
			shellScript = "diff \"${PODS_PODFILE_DIR_PATH}/Podfile.lock\" \"${PODS_ROOT}/Manifest.lock\" > /dev/null\nif [ $? != 0 ] ; then\n    # print error to STDERR\n    echo \"error: The sandbox is not in sync with the Podfile.lock. Run 'pod install' or update your CocoaPods installation.\" >&2\n    exit 1\nfi\n# This output is used by Xcode 'outputs' to avoid re-running this script phase.\necho \"SUCCESS\" > \"${SCRIPT_OUTPUT_FILE_0}\"\n";
			showEnvVarsInLog = 0;
		};
/* End PBXShellScriptBuildPhase section */

/* Begin PBXSourcesBuildPhase section */
		009FB5D6244E89C700133974 /* Sources */ = {
			isa = PBXSourcesBuildPhase;
			buildActionMask = 2147483647;
			files = (
				893A18EE2459182800D8C36C /* LWHuoYuanThreeLevelViewController.m in Sources */,
				009FB65B244FF3A100133974 /* zDengluRequst.m in Sources */,
				89216982245686E2007C6615 /* LWJiaoLiuGroupCollectionView.m in Sources */,
				8921697B245670AE007C6615 /* LWSwitchBarView.m in Sources */,
				894E4118245A97A20028D2B4 /* LWButton.m in Sources */,
				009FB61A244FE8C200133974 /* AppDelegate.m in Sources */,
				009FB639244FE8DF00133974 /* UIView+TouchAreaInsets.m in Sources */,
				001ECA712453C49500727379 /* zZhaoHuiController.m in Sources */,
				009FB6722450094C00133974 /* zShouyeController.m in Sources */,
				00372AEE2456842F00E51931 /* PPNetworkCache.m in Sources */,
				001ECA752453CCB700727379 /* zHud.m in Sources */,
				00CA47672455B91E006A2885 /* zQuestionController.m in Sources */,
				00871851245960B2003F8CD3 /* NSDictionary+JSON.m in Sources */,
				009FB68224500D7800133974 /* NSString+Size.m in Sources */,
				8921697524566BAA007C6615 /* LWHuoYuanListCollectionViewCell.m in Sources */,
				009FB5E5244E89C700133974 /* ViewController.m in Sources */,
				009FB63C244FE8DF00133974 /* UITabBarItem+Extension.m in Sources */,
				009FB68B2450428000133974 /* zNothingView.m in Sources */,
				8921697624566BAA007C6615 /* LWHuoYuanItemListCollectionViewCell.m in Sources */,
				893A18F424592D1E00D8C36C /* LWGongYingShangListViewController.m in Sources */,
				89F5B7E2245599530040F7B1 /* LWHuoYuanItemsListViewController.m in Sources */,
				009FB635244FE8DF00133974 /* MainTabBarController.m in Sources */,
				8921697E24567278007C6615 /* UIImage+Extension.m in Sources */,
				001ECA6E2453C43600727379 /* zZhuCeController.m in Sources */,
				00871852245960B2003F8CD3 /* NSArray+JSON.m in Sources */,
				00CA47802455C839006A2885 /* QuestionTableViewCell.m in Sources */,
				003A932D2450866D0001F615 /* LoginTextField.m in Sources */,
				893A18F724592D3E00D8C36C /* LWGongYingShangListTableViewCell.m in Sources */,
				009FB6882450425900133974 /* zNoContentView.m in Sources */,
				0087184B2459585C003F8CD3 /* QuestionFootView.m in Sources */,
				001ECA7B2454449000727379 /* zhuCeCard.m in Sources */,
				00372AED2456842F00E51931 /* PPNetworkHelper.m in Sources */,
				8957D4AA245975370096F1D7 /* LWHuoYuanDeatilViewController.m in Sources */,
				001ECA782453DA3200727379 /* phoneNumCheck.m in Sources */,
				894E4112245A7A810028D2B4 /* UIButton+typeLayout.m in Sources */,
				009FB636244FE8DF00133974 /* FUTabBar.m in Sources */,
				009FB68024500D7800133974 /* UIView+Frame.m in Sources */,
				8921698824569B25007C6615 /* LWJiaoLiuGroupCollectionReusableView.m in Sources */,
				009FB619244FE8C200133974 /* SceneDelegate.m in Sources */,
				009FB63B244FE8DF00133974 /* FUTabBarButton.m in Sources */,
				89F5B7DF245596DD0040F7B1 /* UIView+Extension.m in Sources */,
				00372B0C2456A54B00E51931 /* zCategoryCard.m in Sources */,
				00CA477A2455BAEB006A2885 /* QuestionHeaderView.m in Sources */,
				009FB5F0244E89CD00133974 /* main.m in Sources */,
				009FB657244FECC500133974 /* baseViewController.m in Sources */,
				009FB634244FE8DF00133974 /* MainNavController.m in Sources */,
				009FB669245007ED00133974 /* zDengluController.m in Sources */,
				894E4115245A96430028D2B4 /* LWLabel.m in Sources */,
				8957D4A7245955F50096F1D7 /* LWSeachView.m in Sources */,
				00CA47702455B9DD006A2885 /* QuestionModel.m in Sources */,
				00372B0B2456A54B00E51931 /* zInstructionsCard.m in Sources */,
				009FB67F24500D7800133974 /* NSDictionary+NSNull.m in Sources */,
				009FB66C2450091D00133974 /* zHyController.m in Sources */,
				8957D4A4245955250096F1D7 /* LWSearchViewController.m in Sources */,
				009FB66F2450093A00133974 /* zJiaoliuController.m in Sources */,
				00CA47792455BAEB006A2885 /* AnswerCell.m in Sources */,
				893A18F1245919C800D8C36C /* LWHuoYuanThreeLevelListTableViewCell.m in Sources */,
				8957D4A124594C230096F1D7 /* LWHuoYuanBaseViewController.m in Sources */,
				00372B0D2456A54B00E51931 /* zUserInfoCard.m in Sources */,
				009FB63E244FE8DF00133974 /* NSString+size.m in Sources */,
				8957D4AD245975E10096F1D7 /* LWHuoYuanDeatilView.m in Sources */,
				009FB63D244FE8DF00133974 /* FUTabBarController.m in Sources */,
				8921698B2456B06D007C6615 /* LWJiaoLiuContatcsListTableViewCell.m in Sources */,
				00CA47712455B9DD006A2885 /* AnswerModel.m in Sources */,
				009FB6752450095C00133974 /* zWodeController.m in Sources */,
				00B26CF024580A390099FFD5 /* zUserInfo.m in Sources */,
				001ECA6A2453B6F300727379 /* zLoginCard.m in Sources */,
				009FB638244FE8DF00133974 /* FUBadgeButton.m in Sources */,
				89487BEB24544E4B00D4FA67 /* Foundation+Log.m in Sources */,
				003A9330245089540001F615 /* UITextField+maxLength.m in Sources */,
				009FB666244FF64D00133974 /* zInterfacedConst.m in Sources */,
				89F5B7DC2455955E0040F7B1 /* UIViewAdditions.m in Sources */,
				00926BB7245706E30052B827 /* UIButton+HQCustomIcon.m in Sources */,
				009FB637244FE8DF00133974 /* UIImage+Extension.m in Sources */,
				00D6E2DD2459A6D200B6E327 /* zNetWorkManger.m in Sources */,
				009FB68124500D7800133974 /* MainSingleton.m in Sources */,
				89216985245687C6007C6615 /* LWJiaoLiuMessageTableViewCell.m in Sources */,
				009FB63A244FE8DF00133974 /* UIView+FU_Animation.m in Sources */,
			);
			runOnlyForDeploymentPostprocessing = 0;
		};
		009FB5F1244E89CE00133974 /* Sources */ = {
			isa = PBXSourcesBuildPhase;
			buildActionMask = 2147483647;
			files = (
				009FB5FA244E89CE00133974 /* ZhuangBeiTests.m in Sources */,
			);
			runOnlyForDeploymentPostprocessing = 0;
		};
		009FB5FC244E89CE00133974 /* Sources */ = {
			isa = PBXSourcesBuildPhase;
			buildActionMask = 2147483647;
			files = (
				009FB605244E89CE00133974 /* ZhuangBeiUITests.m in Sources */,
			);
			runOnlyForDeploymentPostprocessing = 0;
		};
/* End PBXSourcesBuildPhase section */

/* Begin PBXTargetDependency section */
		009FB5F7244E89CE00133974 /* PBXTargetDependency */ = {
			isa = PBXTargetDependency;
			target = 009FB5D9244E89C700133974 /* ZhuangBei */;
			targetProxy = 009FB5F6244E89CE00133974 /* PBXContainerItemProxy */;
		};
		009FB602244E89CE00133974 /* PBXTargetDependency */ = {
			isa = PBXTargetDependency;
			target = 009FB5D9244E89C700133974 /* ZhuangBei */;
			targetProxy = 009FB601244E89CE00133974 /* PBXContainerItemProxy */;
		};
/* End PBXTargetDependency section */

/* Begin XCBuildConfiguration section */
		009FB607244E89CE00133974 /* Debug */ = {
			isa = XCBuildConfiguration;
			buildSettings = {
				ALWAYS_SEARCH_USER_PATHS = NO;
				CLANG_ANALYZER_NONNULL = YES;
				CLANG_ANALYZER_NUMBER_OBJECT_CONVERSION = YES_AGGRESSIVE;
				CLANG_CXX_LANGUAGE_STANDARD = "gnu++14";
				CLANG_CXX_LIBRARY = "libc++";
				CLANG_ENABLE_MODULES = YES;
				CLANG_ENABLE_OBJC_ARC = YES;
				CLANG_ENABLE_OBJC_WEAK = YES;
				CLANG_WARN_BLOCK_CAPTURE_AUTORELEASING = YES;
				CLANG_WARN_BOOL_CONVERSION = YES;
				CLANG_WARN_COMMA = YES;
				CLANG_WARN_CONSTANT_CONVERSION = YES;
				CLANG_WARN_DEPRECATED_OBJC_IMPLEMENTATIONS = YES;
				CLANG_WARN_DIRECT_OBJC_ISA_USAGE = YES_ERROR;
				CLANG_WARN_DOCUMENTATION_COMMENTS = YES;
				CLANG_WARN_EMPTY_BODY = YES;
				CLANG_WARN_ENUM_CONVERSION = YES;
				CLANG_WARN_INFINITE_RECURSION = YES;
				CLANG_WARN_INT_CONVERSION = YES;
				CLANG_WARN_NON_LITERAL_NULL_CONVERSION = YES;
				CLANG_WARN_OBJC_IMPLICIT_RETAIN_SELF = YES;
				CLANG_WARN_OBJC_LITERAL_CONVERSION = YES;
				CLANG_WARN_OBJC_ROOT_CLASS = YES_ERROR;
				CLANG_WARN_RANGE_LOOP_ANALYSIS = YES;
				CLANG_WARN_STRICT_PROTOTYPES = YES;
				CLANG_WARN_SUSPICIOUS_MOVE = YES;
				CLANG_WARN_UNGUARDED_AVAILABILITY = YES_AGGRESSIVE;
				CLANG_WARN_UNREACHABLE_CODE = YES;
				CLANG_WARN__DUPLICATE_METHOD_MATCH = YES;
				COPY_PHASE_STRIP = NO;
				DEBUG_INFORMATION_FORMAT = dwarf;
				ENABLE_STRICT_OBJC_MSGSEND = YES;
				ENABLE_TESTABILITY = YES;
				GCC_C_LANGUAGE_STANDARD = gnu11;
				GCC_DYNAMIC_NO_PIC = NO;
				GCC_NO_COMMON_BLOCKS = YES;
				GCC_OPTIMIZATION_LEVEL = 0;
				GCC_PREPROCESSOR_DEFINITIONS = (
					"DEBUG=1",
					"$(inherited)",
				);
				GCC_WARN_64_TO_32_BIT_CONVERSION = YES;
				GCC_WARN_ABOUT_RETURN_TYPE = YES_ERROR;
				GCC_WARN_UNDECLARED_SELECTOR = YES;
				GCC_WARN_UNINITIALIZED_AUTOS = YES_AGGRESSIVE;
				GCC_WARN_UNUSED_FUNCTION = YES;
				GCC_WARN_UNUSED_VARIABLE = YES;
				IPHONEOS_DEPLOYMENT_TARGET = 9.0;
				MTL_ENABLE_DEBUG_INFO = INCLUDE_SOURCE;
				MTL_FAST_MATH = YES;
				ONLY_ACTIVE_ARCH = YES;
				SDKROOT = iphoneos;
			};
			name = Debug;
		};
		009FB608244E89CE00133974 /* Release */ = {
			isa = XCBuildConfiguration;
			buildSettings = {
				ALWAYS_SEARCH_USER_PATHS = NO;
				CLANG_ANALYZER_NONNULL = YES;
				CLANG_ANALYZER_NUMBER_OBJECT_CONVERSION = YES_AGGRESSIVE;
				CLANG_CXX_LANGUAGE_STANDARD = "gnu++14";
				CLANG_CXX_LIBRARY = "libc++";
				CLANG_ENABLE_MODULES = YES;
				CLANG_ENABLE_OBJC_ARC = YES;
				CLANG_ENABLE_OBJC_WEAK = YES;
				CLANG_WARN_BLOCK_CAPTURE_AUTORELEASING = YES;
				CLANG_WARN_BOOL_CONVERSION = YES;
				CLANG_WARN_COMMA = YES;
				CLANG_WARN_CONSTANT_CONVERSION = YES;
				CLANG_WARN_DEPRECATED_OBJC_IMPLEMENTATIONS = YES;
				CLANG_WARN_DIRECT_OBJC_ISA_USAGE = YES_ERROR;
				CLANG_WARN_DOCUMENTATION_COMMENTS = YES;
				CLANG_WARN_EMPTY_BODY = YES;
				CLANG_WARN_ENUM_CONVERSION = YES;
				CLANG_WARN_INFINITE_RECURSION = YES;
				CLANG_WARN_INT_CONVERSION = YES;
				CLANG_WARN_NON_LITERAL_NULL_CONVERSION = YES;
				CLANG_WARN_OBJC_IMPLICIT_RETAIN_SELF = YES;
				CLANG_WARN_OBJC_LITERAL_CONVERSION = YES;
				CLANG_WARN_OBJC_ROOT_CLASS = YES_ERROR;
				CLANG_WARN_RANGE_LOOP_ANALYSIS = YES;
				CLANG_WARN_STRICT_PROTOTYPES = YES;
				CLANG_WARN_SUSPICIOUS_MOVE = YES;
				CLANG_WARN_UNGUARDED_AVAILABILITY = YES_AGGRESSIVE;
				CLANG_WARN_UNREACHABLE_CODE = YES;
				CLANG_WARN__DUPLICATE_METHOD_MATCH = YES;
				COPY_PHASE_STRIP = NO;
				DEBUG_INFORMATION_FORMAT = "dwarf-with-dsym";
				ENABLE_NS_ASSERTIONS = NO;
				ENABLE_STRICT_OBJC_MSGSEND = YES;
				GCC_C_LANGUAGE_STANDARD = gnu11;
				GCC_NO_COMMON_BLOCKS = YES;
				GCC_WARN_64_TO_32_BIT_CONVERSION = YES;
				GCC_WARN_ABOUT_RETURN_TYPE = YES_ERROR;
				GCC_WARN_UNDECLARED_SELECTOR = YES;
				GCC_WARN_UNINITIALIZED_AUTOS = YES_AGGRESSIVE;
				GCC_WARN_UNUSED_FUNCTION = YES;
				GCC_WARN_UNUSED_VARIABLE = YES;
				IPHONEOS_DEPLOYMENT_TARGET = 9.0;
				MTL_ENABLE_DEBUG_INFO = NO;
				MTL_FAST_MATH = YES;
				SDKROOT = iphoneos;
				VALIDATE_PRODUCT = YES;
			};
			name = Release;
		};
		009FB60A244E89CE00133974 /* Debug */ = {
			isa = XCBuildConfiguration;
			baseConfigurationReference = 759737390EA2ABFD7BEC457D /* Pods-ZhuangBei.debug.xcconfig */;
			buildSettings = {
				ASSETCATALOG_COMPILER_APPICON_NAME = AppIcon;
				CODE_SIGN_STYLE = Automatic;
				DEVELOPMENT_TEAM = K2YCGMC4SW;
				GCC_INCREASE_PRECOMPILED_HEADER_SHARING = NO;
				GCC_PREFIX_HEADER = "$(SRCROOT)/$(PROJECT_NAME)/Other/PrefixHeader.pch";
				INFOPLIST_FILE = ZhuangBei/Other/Info.plist;
				IPHONEOS_DEPLOYMENT_TARGET = 9.0;
				LD_RUNPATH_SEARCH_PATHS = (
					"$(inherited)",
					"@executable_path/Frameworks",
				);
				PRODUCT_BUNDLE_IDENTIFIER = sliderView.ZhuangBei;
				PRODUCT_NAME = "$(TARGET_NAME)";
				TARGETED_DEVICE_FAMILY = 1;
			};
			name = Debug;
		};
		009FB60B244E89CE00133974 /* Release */ = {
			isa = XCBuildConfiguration;
			baseConfigurationReference = 95998143212FCD9D90EA6CD4 /* Pods-ZhuangBei.release.xcconfig */;
			buildSettings = {
				ASSETCATALOG_COMPILER_APPICON_NAME = AppIcon;
				CODE_SIGN_STYLE = Automatic;
				DEVELOPMENT_TEAM = K2YCGMC4SW;
				GCC_INCREASE_PRECOMPILED_HEADER_SHARING = NO;
				GCC_PREFIX_HEADER = "$(SRCROOT)/$(PROJECT_NAME)/Other/PrefixHeader.pch";
				INFOPLIST_FILE = ZhuangBei/Other/Info.plist;
				IPHONEOS_DEPLOYMENT_TARGET = 9.0;
				LD_RUNPATH_SEARCH_PATHS = (
					"$(inherited)",
					"@executable_path/Frameworks",
				);
				PRODUCT_BUNDLE_IDENTIFIER = sliderView.ZhuangBei;
				PRODUCT_NAME = "$(TARGET_NAME)";
				TARGETED_DEVICE_FAMILY = 1;
			};
			name = Release;
		};
		009FB60D244E89CE00133974 /* Debug */ = {
			isa = XCBuildConfiguration;
			buildSettings = {
				BUNDLE_LOADER = "$(TEST_HOST)";
				CODE_SIGN_STYLE = Automatic;
				DEVELOPMENT_TEAM = GH34ZCT6NW;
				INFOPLIST_FILE = ZhuangBeiTests/Info.plist;
				IPHONEOS_DEPLOYMENT_TARGET = 13.4;
				LD_RUNPATH_SEARCH_PATHS = (
					"$(inherited)",
					"@executable_path/Frameworks",
					"@loader_path/Frameworks",
				);
				PRODUCT_BUNDLE_IDENTIFIER = sliderView.ZhuangBeiTests;
				PRODUCT_NAME = "$(TARGET_NAME)";
				TARGETED_DEVICE_FAMILY = "1,2";
				TEST_HOST = "$(BUILT_PRODUCTS_DIR)/ZhuangBei.app/ZhuangBei";
			};
			name = Debug;
		};
		009FB60E244E89CE00133974 /* Release */ = {
			isa = XCBuildConfiguration;
			buildSettings = {
				BUNDLE_LOADER = "$(TEST_HOST)";
				CODE_SIGN_STYLE = Automatic;
				DEVELOPMENT_TEAM = GH34ZCT6NW;
				INFOPLIST_FILE = ZhuangBeiTests/Info.plist;
				IPHONEOS_DEPLOYMENT_TARGET = 13.4;
				LD_RUNPATH_SEARCH_PATHS = (
					"$(inherited)",
					"@executable_path/Frameworks",
					"@loader_path/Frameworks",
				);
				PRODUCT_BUNDLE_IDENTIFIER = sliderView.ZhuangBeiTests;
				PRODUCT_NAME = "$(TARGET_NAME)";
				TARGETED_DEVICE_FAMILY = "1,2";
				TEST_HOST = "$(BUILT_PRODUCTS_DIR)/ZhuangBei.app/ZhuangBei";
			};
			name = Release;
		};
		009FB610244E89CE00133974 /* Debug */ = {
			isa = XCBuildConfiguration;
			buildSettings = {
				CODE_SIGN_STYLE = Automatic;
				DEVELOPMENT_TEAM = GH34ZCT6NW;
				INFOPLIST_FILE = ZhuangBeiUITests/Info.plist;
				LD_RUNPATH_SEARCH_PATHS = (
					"$(inherited)",
					"@executable_path/Frameworks",
					"@loader_path/Frameworks",
				);
				PRODUCT_BUNDLE_IDENTIFIER = sliderView.ZhuangBeiUITests;
				PRODUCT_NAME = "$(TARGET_NAME)";
				TARGETED_DEVICE_FAMILY = "1,2";
				TEST_TARGET_NAME = ZhuangBei;
			};
			name = Debug;
		};
		009FB611244E89CE00133974 /* Release */ = {
			isa = XCBuildConfiguration;
			buildSettings = {
				CODE_SIGN_STYLE = Automatic;
				DEVELOPMENT_TEAM = GH34ZCT6NW;
				INFOPLIST_FILE = ZhuangBeiUITests/Info.plist;
				LD_RUNPATH_SEARCH_PATHS = (
					"$(inherited)",
					"@executable_path/Frameworks",
					"@loader_path/Frameworks",
				);
				PRODUCT_BUNDLE_IDENTIFIER = sliderView.ZhuangBeiUITests;
				PRODUCT_NAME = "$(TARGET_NAME)";
				TARGETED_DEVICE_FAMILY = "1,2";
				TEST_TARGET_NAME = ZhuangBei;
			};
			name = Release;
		};
/* End XCBuildConfiguration section */

/* Begin XCConfigurationList section */
		009FB5D5244E89C700133974 /* Build configuration list for PBXProject "ZhuangBei" */ = {
			isa = XCConfigurationList;
			buildConfigurations = (
				009FB607244E89CE00133974 /* Debug */,
				009FB608244E89CE00133974 /* Release */,
			);
			defaultConfigurationIsVisible = 0;
			defaultConfigurationName = Release;
		};
		009FB609244E89CE00133974 /* Build configuration list for PBXNativeTarget "ZhuangBei" */ = {
			isa = XCConfigurationList;
			buildConfigurations = (
				009FB60A244E89CE00133974 /* Debug */,
				009FB60B244E89CE00133974 /* Release */,
			);
			defaultConfigurationIsVisible = 0;
			defaultConfigurationName = Release;
		};
		009FB60C244E89CE00133974 /* Build configuration list for PBXNativeTarget "ZhuangBeiTests" */ = {
			isa = XCConfigurationList;
			buildConfigurations = (
				009FB60D244E89CE00133974 /* Debug */,
				009FB60E244E89CE00133974 /* Release */,
			);
			defaultConfigurationIsVisible = 0;
			defaultConfigurationName = Release;
		};
		009FB60F244E89CE00133974 /* Build configuration list for PBXNativeTarget "ZhuangBeiUITests" */ = {
			isa = XCConfigurationList;
			buildConfigurations = (
				009FB610244E89CE00133974 /* Debug */,
				009FB611244E89CE00133974 /* Release */,
			);
			defaultConfigurationIsVisible = 0;
			defaultConfigurationName = Release;
		};
/* End XCConfigurationList section */
	};
	rootObject = 009FB5D2244E89C700133974 /* Project object */;
}
