PODS:
  - AFNetworking (3.2.1):
    - AFNetworking/NSURLSession (= 3.2.1)
    - AFNetworking/Reachability (= 3.2.1)
    - AFNetworking/Security (= 3.2.1)
    - AFNetworking/Serialization (= 3.2.1)
    - AFNetworking/UIKit (= 3.2.1)
  - AFNetworking/NSURLSession (3.2.1):
    - AFNetworking/Reachability
    - AFNetworking/Security
    - AFNetworking/Serialization
  - AFNetworking/Reachability (3.2.1)
  - AFNetworking/Security (3.2.1)
  - AFNetworking/Serialization (3.2.1)
  - AFNetworking/UIKit (3.2.1):
    - AFNetworking/NSURLSession
  - CocoaLumberjack (3.6.1):
    - CocoaLumberjack/Core (= 3.6.1)
  - CocoaLumberjack/Core (3.6.1)
  - IQKeyboardManager (6.5.5)
  - JCore (2.2.5)
  - JShare (1.8.1):
    - JCore (< 3.0.0, >= 1.2.0)
  - LEEAlert (1.3.6)
  - Masonry (1.1.0)
  - MBProgressHUD (1.2.0)
  - MJExtension (3.2.1)
  - MJRefresh (3.4.1)
  - SDCycleScrollView (1.80):
    - SDWebImage (>= 5.0.0)
  - SDWebImage (5.7.3):
    - SDWebImage/Core (= 5.7.3)
  - SDWebImage/Core (5.7.3)
  - SVGKit (2.1.1):
    - CocoaLumberjack (~> 3.0)
  - TYAttributedLabel (2.6.6)
  - UITextView-WZB (1.1.1)
  - YYKit (1.0.9):
    - YYKit/no-arc (= 1.0.9)
  - YYKit/no-arc (1.0.9)

DEPENDENCIES:
  - AFNetworking (~> 3.0)
  - IQKeyboardManager
  - JShare
  - LEEAlert
  - Masonry
  - MBProgressHUD
  - MJExtension
  - MJRefresh
  - SDCycleScrollView (>= 1.80)
  - SDWebImage
  - SVGKit
  - TYAttributedLabel (~> 2.6.2)
  - UITextView-WZB (= 1.1.1)
  - YYKit

SPEC REPOS:
  https://gitee.com/mirrors/CocoaPods-Specs.git:
    - AFNetworking
    - CocoaLumberjack
    - IQKeyboardManager
    - JCore
    - JShare
    - LEEAlert
    - Masonry
    - MBProgressHUD
    - MJExtension
    - MJRefresh
    - SDCycleScrollView
    - SDWebImage
    - SVGKit
    - TYAttributedLabel
    - UITextView-WZB
    - YYKit

SPEC CHECKSUMS:
  AFNetworking: b6f891fdfaed196b46c7a83cf209e09697b94057
  CocoaLumberjack: b17ae15142558d08bbacf69775fa10c4abbebcc9
  IQKeyboardManager: 3a8b9e603f8b0eeaf5f096a1f2b2cfcf121992ef
  JCore: d75c0306dc99875d323d23e5a063b3a3ef22335a
  JShare: d19013ffb1a095de31b20236fe08e9c74064cfe5
  LEEAlert: b92b3648fcb2107511472a87c43818c1fc38afd9
  Masonry: 678fab65091a9290e40e2832a55e7ab731aad201
  MBProgressHUD: 3ee5efcc380f6a79a7cc9b363dd669c5e1ae7406
  MJExtension: 635f2c663dcb1bf76fa4b715b2570a5710aec545
  MJRefresh: 3153c59a363159092c08b2177ec3a7d09f90bfaf
  SDCycleScrollView: b3c9a5ed840c771c4938978174c7c9d9feefeb96
  SDWebImage: 97351f6582ceca541ea294ba66a1fcb342a331c2
  SVGKit: 652cdf7bef8bec8564d04a8511d3ab50c7595fac
  TYAttributedLabel: cb8fc910d97eb5224936d4f692a78e042af691b2
  UITextView-WZB: aa7306ec35ad35d325f8e608366ecd5ac8c8eed9
  YYKit: 7cda43304a8dc3696c449041e2cb3107b4e236e7

PODFILE CHECKSUM: 96d175b65ea57d6103906d476e1a937e1c21a4ff

COCOAPODS: 1.9.1
